// !$*UTF8*$!
{
	archiveVersion = 1;
	classes = {
	};
	objectVersion = 46;
	objects = {

/* Begin PBXBuildFile section */
		183C55371ED6AE0F002BF2B6 /* CLMenuItem.m in Sources */ = {isa = PBXBuildFile; fileRef = 183C55361ED6AE0F002BF2B6 /* CLMenuItem.m */; };
		183C55421ED6E3B6002BF2B6 /* CLServiceChildVC.m in Sources */ = {isa = PBXBuildFile; fileRef = 183C553E1ED6E3B6002BF2B6 /* CLServiceChildVC.m */; };
		183C55451ED6E419002BF2B6 /* CLServiceChildCell.m in Sources */ = {isa = PBXBuildFile; fileRef = 183C55441ED6E419002BF2B6 /* CLServiceChildCell.m */; };
		183C55481ED6FA0C002BF2B6 /* CLServiceViewModel.m in Sources */ = {isa = PBXBuildFile; fileRef = 183C55471ED6FA0C002BF2B6 /* CLServiceViewModel.m */; };
		183C554F1ED6FD08002BF2B6 /* Rectangle 4 Copy 2@2x.png in Resources */ = {isa = PBXBuildFile; fileRef = 183C55491ED6FD08002BF2B6 /* Rectangle 4 Copy 2@2x.png */; };
		183C55501ED6FD08002BF2B6 /* Rectangle 4 Copy 2@3x.png in Resources */ = {isa = PBXBuildFile; fileRef = 183C554A1ED6FD08002BF2B6 /* Rectangle 4 Copy 2@3x.png */; };
		183C55511ED6FD08002BF2B6 /* Rectangle 4 Copy@2x.png in Resources */ = {isa = PBXBuildFile; fileRef = 183C554B1ED6FD08002BF2B6 /* Rectangle 4 Copy@2x.png */; };
		183C55521ED6FD08002BF2B6 /* Rectangle 4 Copy@3x.png in Resources */ = {isa = PBXBuildFile; fileRef = 183C554C1ED6FD08002BF2B6 /* Rectangle 4 Copy@3x.png */; };
		183C55531ED6FD08002BF2B6 /* Rectangle 4@2x.png in Resources */ = {isa = PBXBuildFile; fileRef = 183C554D1ED6FD08002BF2B6 /* Rectangle 4@2x.png */; };
		183C55541ED6FD08002BF2B6 /* Rectangle 4@3x.png in Resources */ = {isa = PBXBuildFile; fileRef = 183C554E1ED6FD08002BF2B6 /* Rectangle 4@3x.png */; };
		183C55571ED70281002BF2B6 /* CLServiceModel.m in Sources */ = {isa = PBXBuildFile; fileRef = 183C55561ED70281002BF2B6 /* CLServiceModel.m */; };
		184A762A1ED3D748004A132B /* CLDynamicHeadView.m in Sources */ = {isa = PBXBuildFile; fileRef = 184A76291ED3D748004A132B /* CLDynamicHeadView.m */; };
		184A762D1ED3E3EA004A132B /* CLChannelHeadView.m in Sources */ = {isa = PBXBuildFile; fileRef = 184A762C1ED3E3EA004A132B /* CLChannelHeadView.m */; };
		184A763C1ED43744004A132B /* CLMineVC.m in Sources */ = {isa = PBXBuildFile; fileRef = 184A763B1ED43744004A132B /* CLMineVC.m */; };
		184A76481ED43BE1004A132B /* CLMinePersonCenterCell.m in Sources */ = {isa = PBXBuildFile; fileRef = 184A76471ED43BE1004A132B /* CLMinePersonCenterCell.m */; };
		184A764B1ED43BF3004A132B /* CLMineDailyManagerCell.m in Sources */ = {isa = PBXBuildFile; fileRef = 184A764A1ED43BF3004A132B /* CLMineDailyManagerCell.m */; };
		184A764E1ED43C02004A132B /* CLMineShopingCell.m in Sources */ = {isa = PBXBuildFile; fileRef = 184A764D1ED43C02004A132B /* CLMineShopingCell.m */; };
		184A76511ED43C11004A132B /* CLMineOtherCell.m in Sources */ = {isa = PBXBuildFile; fileRef = 184A76501ED43C11004A132B /* CLMineOtherCell.m */; };
		184A76541ED44456004A132B /* CLMineSectionView.m in Sources */ = {isa = PBXBuildFile; fileRef = 184A76531ED44456004A132B /* CLMineSectionView.m */; };
		18700AC51ED827D5004AC634 /* 0B3C1A13016F1E515EE9740DAFA886AE.jpg in Resources */ = {isa = PBXBuildFile; fileRef = 18700AC41ED827D5004AC634 /* 0B3C1A13016F1E515EE9740DAFA886AE.jpg */; };
		18700AC71ED827E4004AC634 /* 4B7E3D1CAF29FA1EB1C8822E3709BBAF.jpg in Resources */ = {isa = PBXBuildFile; fileRef = 18700AC61ED827E4004AC634 /* 4B7E3D1CAF29FA1EB1C8822E3709BBAF.jpg */; };
		18700AC91ED827EA004AC634 /* 5C7DBF7FE0C7816C4F2ADEF7E171A54E.jpg in Resources */ = {isa = PBXBuildFile; fileRef = 18700AC81ED827EA004AC634 /* 5C7DBF7FE0C7816C4F2ADEF7E171A54E.jpg */; };
		18700ACB1ED827F1004AC634 /* DA29B5D0C19AC558D7FDC5076E474BD8.jpg in Resources */ = {isa = PBXBuildFile; fileRef = 18700ACA1ED827F1004AC634 /* DA29B5D0C19AC558D7FDC5076E474BD8.jpg */; };
		18700ACD1ED827F9004AC634 /* E5DA662A3D3D4FA222092A0AD6933538.jpg in Resources */ = {isa = PBXBuildFile; fileRef = 18700ACC1ED827F9004AC634 /* E5DA662A3D3D4FA222092A0AD6933538.jpg */; };
		18700ACF1ED827FF004AC634 /* F2A70F9E9D4FBD499D932346A221D318.jpg in Resources */ = {isa = PBXBuildFile; fileRef = 18700ACE1ED827FF004AC634 /* F2A70F9E9D4FBD499D932346A221D318.jpg */; };
		18700AD11ED82808004AC634 /* 89F01C3E1C3DC463F9B2073CDDCFDE31.jpg in Resources */ = {isa = PBXBuildFile; fileRef = 18700AD01ED82808004AC634 /* 89F01C3E1C3DC463F9B2073CDDCFDE31.jpg */; };
		18700AD31ED8280D004AC634 /* A2B2A36A846BF4065FAF03DEBA993422.jpg in Resources */ = {isa = PBXBuildFile; fileRef = 18700AD21ED8280D004AC634 /* A2B2A36A846BF4065FAF03DEBA993422.jpg */; };
		18700AD51ED82813004AC634 /* 6376BD7F91770FFE2EF9AAB3C32FBD9B.jpg in Resources */ = {isa = PBXBuildFile; fileRef = 18700AD41ED82813004AC634 /* 6376BD7F91770FFE2EF9AAB3C32FBD9B.jpg */; };
		18700AD71ED82819004AC634 /* E6211B634112B60F1AD9FEC391D1D96A.jpg in Resources */ = {isa = PBXBuildFile; fileRef = 18700AD61ED82819004AC634 /* E6211B634112B60F1AD9FEC391D1D96A.jpg */; };
		18700AD91ED8281E004AC634 /* E91BB40B71793FFCC5783428F562E564.jpg in Resources */ = {isa = PBXBuildFile; fileRef = 18700AD81ED8281E004AC634 /* E91BB40B71793FFCC5783428F562E564.jpg */; };
		18700ADB1ED82823004AC634 /* 8AFFFC0723FC0D56726926B5E04C1385.jpg in Resources */ = {isa = PBXBuildFile; fileRef = 18700ADA1ED82823004AC634 /* 8AFFFC0723FC0D56726926B5E04C1385.jpg */; };
		18700ADD1ED82829004AC634 /* 91467F5AD88F7DA0B5636164CCF23A06.jpg in Resources */ = {isa = PBXBuildFile; fileRef = 18700ADC1ED82829004AC634 /* 91467F5AD88F7DA0B5636164CCF23A06.jpg */; };
		18700ADF1ED8282E004AC634 /* 70C97AE030710503B15AA9694993F4DF.jpg in Resources */ = {isa = PBXBuildFile; fileRef = 18700ADE1ED8282E004AC634 /* 70C97AE030710503B15AA9694993F4DF.jpg */; };
		18700AE11ED82834004AC634 /* BEEA1D51C3610CAFFE3D9FB86FF19D0C.jpg in Resources */ = {isa = PBXBuildFile; fileRef = 18700AE01ED82834004AC634 /* BEEA1D51C3610CAFFE3D9FB86FF19D0C.jpg */; };
		18700AE31ED82839004AC634 /* 435086D44A0211F394F07558DF61C302.jpg in Resources */ = {isa = PBXBuildFile; fileRef = 18700AE21ED82839004AC634 /* 435086D44A0211F394F07558DF61C302.jpg */; };
		18700AE51ED8283F004AC634 /* 972B22C928AD2121E4559EC9D34A2977.jpg in Resources */ = {isa = PBXBuildFile; fileRef = 18700AE41ED8283F004AC634 /* 972B22C928AD2121E4559EC9D34A2977.jpg */; };
		18700AE71ED82844004AC634 /* 10529DB780736310C4FF9845869C56AE.jpg in Resources */ = {isa = PBXBuildFile; fileRef = 18700AE61ED82844004AC634 /* 10529DB780736310C4FF9845869C56AE.jpg */; };
		18700AE91ED8284A004AC634 /* B0CDB5DC5B73E8F92EF6A887E402C506.jpg in Resources */ = {isa = PBXBuildFile; fileRef = 18700AE81ED8284A004AC634 /* B0CDB5DC5B73E8F92EF6A887E402C506.jpg */; };
		18700AEB1ED82850004AC634 /* 78A7C90463B435BCC07F06AC5B210D55.jpg in Resources */ = {isa = PBXBuildFile; fileRef = 18700AEA1ED82850004AC634 /* 78A7C90463B435BCC07F06AC5B210D55.jpg */; };
		18700AED1ED82A2B004AC634 /* 32309AE9E06B00C1E40984FEF07C3C13.jpg in Resources */ = {isa = PBXBuildFile; fileRef = 18700AEC1ED82A2B004AC634 /* 32309AE9E06B00C1E40984FEF07C3C13.jpg */; };
		18700AF01ED82ED1004AC634 /* CLChannelImagesView.m in Sources */ = {isa = PBXBuildFile; fileRef = 18700AEF1ED82ED1004AC634 /* CLChannelImagesView.m */; };
		188897E01ED2844D00125AFF /* CLDynamicTableViewCell.m in Sources */ = {isa = PBXBuildFile; fileRef = 188897DF1ED2844D00125AFF /* CLDynamicTableViewCell.m */; };
		614B62B4636A91CE374D7A9F /* libPods-pet.a in Frameworks */ = {isa = PBXBuildFile; fileRef = A09A619C440B93D13D65305C /* libPods-pet.a */; };
		D40544551ED0254400C70B29 /* CLSelectSectionView.m in Sources */ = {isa = PBXBuildFile; fileRef = D40544541ED0254400C70B29 /* CLSelectSectionView.m */; };
		D405445C1ED0360D00C70B29 /* CLIntroductionVC.m in Sources */ = {isa = PBXBuildFile; fileRef = D405445B1ED0360D00C70B29 /* CLIntroductionVC.m */; };
		D405445F1ED0368D00C70B29 /* CLIntroductionBaseVC.m in Sources */ = {isa = PBXBuildFile; fileRef = D405445E1ED0368D00C70B29 /* CLIntroductionBaseVC.m */; };
		D40544611ED0583E00C70B29 /* 402FD6493BFE31152566135415C9F22A.jpg in Resources */ = {isa = PBXBuildFile; fileRef = D40544601ED0583E00C70B29 /* 402FD6493BFE31152566135415C9F22A.jpg */; };
		D40544631ED0584700C70B29 /* 45C272AAE3D9309128203B6D77C10BE2.jpg in Resources */ = {isa = PBXBuildFile; fileRef = D40544621ED0584700C70B29 /* 45C272AAE3D9309128203B6D77C10BE2.jpg */; };
		D40544651ED0584C00C70B29 /* 4E35FA4B2D9C0636815C709FBD94DF5E.jpg in Resources */ = {isa = PBXBuildFile; fileRef = D40544641ED0584C00C70B29 /* 4E35FA4B2D9C0636815C709FBD94DF5E.jpg */; };
		D40544671ED0585300C70B29 /* 5345651BD274DFFB326F6C016FAAF45F.jpg in Resources */ = {isa = PBXBuildFile; fileRef = D40544661ED0585300C70B29 /* 5345651BD274DFFB326F6C016FAAF45F.jpg */; };
		D40544691ED0585900C70B29 /* 2B18C2D4941421681BD6B9FBCEC48C2D.jpg in Resources */ = {isa = PBXBuildFile; fileRef = D40544681ED0585900C70B29 /* 2B18C2D4941421681BD6B9FBCEC48C2D.jpg */; };
		D405446C1ED092F100C70B29 /* CLSelectTableViewCell.m in Sources */ = {isa = PBXBuildFile; fileRef = D405446B1ED092F100C70B29 /* CLSelectTableViewCell.m */; };
		D405446F1ED1C8A100C70B29 /* CLCommentTableCell.m in Sources */ = {isa = PBXBuildFile; fileRef = D405446E1ED1C8A100C70B29 /* CLCommentTableCell.m */; };
		D42E256C1ECF1D67002D3F7D /* main.m in Sources */ = {isa = PBXBuildFile; fileRef = D42E256B1ECF1D67002D3F7D /* main.m */; };
		D42E256F1ECF1D67002D3F7D /* AppDelegate.m in Sources */ = {isa = PBXBuildFile; fileRef = D42E256E1ECF1D67002D3F7D /* AppDelegate.m */; };
		D42E25751ECF1D67002D3F7D /* Main.storyboard in Resources */ = {isa = PBXBuildFile; fileRef = D42E25731ECF1D67002D3F7D /* Main.storyboard */; };
		D42E25771ECF1D67002D3F7D /* Assets.xcassets in Resources */ = {isa = PBXBuildFile; fileRef = D42E25761ECF1D67002D3F7D /* Assets.xcassets */; };
		D42E257A1ECF1D67002D3F7D /* LaunchScreen.storyboard in Resources */ = {isa = PBXBuildFile; fileRef = D42E25781ECF1D67002D3F7D /* LaunchScreen.storyboard */; };
		D42E25851ECF1D67002D3F7D /* petTests.m in Sources */ = {isa = PBXBuildFile; fileRef = D42E25841ECF1D67002D3F7D /* petTests.m */; };
		D42E25901ECF1D67002D3F7D /* petUITests.m in Sources */ = {isa = PBXBuildFile; fileRef = D42E258F1ECF1D67002D3F7D /* petUITests.m */; };
		D42E25A91ECF26AF002D3F7D /* CLSystemSet.m in Sources */ = {isa = PBXBuildFile; fileRef = D42E25A81ECF26AF002D3F7D /* CLSystemSet.m */; };
		D42E25B21ECF2AF9002D3F7D /* CLTabVC.m in Sources */ = {isa = PBXBuildFile; fileRef = D42E25B11ECF2AF9002D3F7D /* CLTabVC.m */; };
		D42E25CE1ECF2C28002D3F7D /* CLCommunityVC.m in Sources */ = {isa = PBXBuildFile; fileRef = D42E25CD1ECF2C28002D3F7D /* CLCommunityVC.m */; };
		D42E25D11ECF2C39002D3F7D /* CLDoctorVC.m in Sources */ = {isa = PBXBuildFile; fileRef = D42E25D01ECF2C39002D3F7D /* CLDoctorVC.m */; };
		D42E25D41ECF2C48002D3F7D /* CLMallVC.m in Sources */ = {isa = PBXBuildFile; fileRef = D42E25D31ECF2C48002D3F7D /* CLMallVC.m */; };
		D42E25DA1ECF2C69002D3F7D /* CLServiceVC.m in Sources */ = {isa = PBXBuildFile; fileRef = D42E25D91ECF2C69002D3F7D /* CLServiceVC.m */; };
		D42E25DF1ECF31C9002D3F7D /* NSString+CLStringTools.m in Sources */ = {isa = PBXBuildFile; fileRef = D42E25DC1ECF31C9002D3F7D /* NSString+CLStringTools.m */; };
		D42E25E01ECF31C9002D3F7D /* UIViewController+Extention.m in Sources */ = {isa = PBXBuildFile; fileRef = D42E25DE1ECF31C9002D3F7D /* UIViewController+Extention.m */; };
		D42E25E51ECF38B9002D3F7D /* UIImageView+Avatar.m in Sources */ = {isa = PBXBuildFile; fileRef = D42E25E21ECF38B9002D3F7D /* UIImageView+Avatar.m */; };
		D42E25E61ECF38B9002D3F7D /* UIViewController+BackButtonHandle.m in Sources */ = {isa = PBXBuildFile; fileRef = D42E25E41ECF38B9002D3F7D /* UIViewController+BackButtonHandle.m */; };
		D42E25E91ECF38CF002D3F7D /* UIImage+Extension.m in Sources */ = {isa = PBXBuildFile; fileRef = D42E25E81ECF38CF002D3F7D /* UIImage+Extension.m */; };
		D42E25EC1ECF3932002D3F7D /* CLUser.m in Sources */ = {isa = PBXBuildFile; fileRef = D42E25EB1ECF3932002D3F7D /* CLUser.m */; };
		D42E25EF1ECF3A3D002D3F7D /* CLShareObject.m in Sources */ = {isa = PBXBuildFile; fileRef = D42E25EE1ECF3A3D002D3F7D /* CLShareObject.m */; };
		D42E25F31ECFD11D002D3F7D /* CAPSPageMenu.m in Sources */ = {isa = PBXBuildFile; fileRef = D42E25F21ECFD11D002D3F7D /* CAPSPageMenu.m */; };
		D42E25F61ECFD126002D3F7D /* CLPageVC.m in Sources */ = {isa = PBXBuildFile; fileRef = D42E25F51ECFD126002D3F7D /* CLPageVC.m */; };
		D42E26111ECFEB11002D3F7D /* CLChildCommunityVC.m in Sources */ = {isa = PBXBuildFile; fileRef = D42E26101ECFEB11002D3F7D /* CLChildCommunityVC.m */; };
		D42E26141ECFED71002D3F7D /* CLCommunityViewModel.m in Sources */ = {isa = PBXBuildFile; fileRef = D42E26131ECFED71002D3F7D /* CLCommunityViewModel.m */; };
		D42E26171ECFEE66002D3F7D /* CLSelectHeadView.m in Sources */ = {isa = PBXBuildFile; fileRef = D42E26161ECFEE66002D3F7D /* CLSelectHeadView.m */; };
		D42E261A1ECFF12E002D3F7D /* CLChildCommunityViewModel.m in Sources */ = {isa = PBXBuildFile; fileRef = D42E26191ECFF12E002D3F7D /* CLChildCommunityViewModel.m */; };
		D42E261D1ECFF144002D3F7D /* CLCommunityModel.m in Sources */ = {isa = PBXBuildFile; fileRef = D42E261C1ECFF144002D3F7D /* CLCommunityModel.m */; };
		D43AFFD61ED7290600A04C03 /* CLChannelTableViewCell.m in Sources */ = {isa = PBXBuildFile; fileRef = D43AFFD51ED7290600A04C03 /* CLChannelTableViewCell.m */; };
/* End PBXBuildFile section */

/* Begin PBXContainerItemProxy section */
		D42E25811ECF1D67002D3F7D /* PBXContainerItemProxy */ = {
			isa = PBXContainerItemProxy;
			containerPortal = D42E255F1ECF1D67002D3F7D /* Project object */;
			proxyType = 1;
			remoteGlobalIDString = D42E25661ECF1D67002D3F7D;
			remoteInfo = pet;
		};
		D42E258C1ECF1D67002D3F7D /* PBXContainerItemProxy */ = {
			isa = PBXContainerItemProxy;
			containerPortal = D42E255F1ECF1D67002D3F7D /* Project object */;
			proxyType = 1;
			remoteGlobalIDString = D42E25661ECF1D67002D3F7D;
			remoteInfo = pet;
		};
/* End PBXContainerItemProxy section */

/* Begin PBXFileReference section */
		183C55351ED6AE0F002BF2B6 /* CLMenuItem.h */ = {isa = PBXFileReference; fileEncoding = 4; lastKnownFileType = sourcecode.c.h; path = CLMenuItem.h; sourceTree = "<group>"; };
		183C55361ED6AE0F002BF2B6 /* CLMenuItem.m */ = {isa = PBXFileReference; fileEncoding = 4; lastKnownFileType = sourcecode.c.objc; path = CLMenuItem.m; sourceTree = "<group>"; };
		183C553D1ED6E3B6002BF2B6 /* CLServiceChildVC.h */ = {isa = PBXFileReference; fileEncoding = 4; lastKnownFileType = sourcecode.c.h; path = CLServiceChildVC.h; sourceTree = "<group>"; };
		183C553E1ED6E3B6002BF2B6 /* CLServiceChildVC.m */ = {isa = PBXFileReference; fileEncoding = 4; lastKnownFileType = sourcecode.c.objc; path = CLServiceChildVC.m; sourceTree = "<group>"; };
		183C55431ED6E419002BF2B6 /* CLServiceChildCell.h */ = {isa = PBXFileReference; fileEncoding = 4; lastKnownFileType = sourcecode.c.h; path = CLServiceChildCell.h; sourceTree = "<group>"; };
		183C55441ED6E419002BF2B6 /* CLServiceChildCell.m */ = {isa = PBXFileReference; fileEncoding = 4; lastKnownFileType = sourcecode.c.objc; path = CLServiceChildCell.m; sourceTree = "<group>"; };
		183C55461ED6FA0C002BF2B6 /* CLServiceViewModel.h */ = {isa = PBXFileReference; fileEncoding = 4; lastKnownFileType = sourcecode.c.h; path = CLServiceViewModel.h; sourceTree = "<group>"; };
		183C55471ED6FA0C002BF2B6 /* CLServiceViewModel.m */ = {isa = PBXFileReference; fileEncoding = 4; lastKnownFileType = sourcecode.c.objc; path = CLServiceViewModel.m; sourceTree = "<group>"; };
		183C55491ED6FD08002BF2B6 /* Rectangle 4 Copy 2@2x.png */ = {isa = PBXFileReference; lastKnownFileType = image.png; path = "Rectangle 4 Copy 2@2x.png"; sourceTree = "<group>"; };
		183C554A1ED6FD08002BF2B6 /* Rectangle 4 Copy 2@3x.png */ = {isa = PBXFileReference; lastKnownFileType = image.png; path = "Rectangle 4 Copy 2@3x.png"; sourceTree = "<group>"; };
		183C554B1ED6FD08002BF2B6 /* Rectangle 4 Copy@2x.png */ = {isa = PBXFileReference; lastKnownFileType = image.png; path = "Rectangle 4 Copy@2x.png"; sourceTree = "<group>"; };
		183C554C1ED6FD08002BF2B6 /* Rectangle 4 Copy@3x.png */ = {isa = PBXFileReference; lastKnownFileType = image.png; path = "Rectangle 4 Copy@3x.png"; sourceTree = "<group>"; };
		183C554D1ED6FD08002BF2B6 /* Rectangle 4@2x.png */ = {isa = PBXFileReference; lastKnownFileType = image.png; path = "Rectangle 4@2x.png"; sourceTree = "<group>"; };
		183C554E1ED6FD08002BF2B6 /* Rectangle 4@3x.png */ = {isa = PBXFileReference; lastKnownFileType = image.png; path = "Rectangle 4@3x.png"; sourceTree = "<group>"; };
		183C55551ED70281002BF2B6 /* CLServiceModel.h */ = {isa = PBXFileReference; fileEncoding = 4; lastKnownFileType = sourcecode.c.h; path = CLServiceModel.h; sourceTree = "<group>"; };
		183C55561ED70281002BF2B6 /* CLServiceModel.m */ = {isa = PBXFileReference; fileEncoding = 4; lastKnownFileType = sourcecode.c.objc; path = CLServiceModel.m; sourceTree = "<group>"; };
		184A76281ED3D748004A132B /* CLDynamicHeadView.h */ = {isa = PBXFileReference; fileEncoding = 4; lastKnownFileType = sourcecode.c.h; path = CLDynamicHeadView.h; sourceTree = "<group>"; };
		184A76291ED3D748004A132B /* CLDynamicHeadView.m */ = {isa = PBXFileReference; fileEncoding = 4; lastKnownFileType = sourcecode.c.objc; path = CLDynamicHeadView.m; sourceTree = "<group>"; };
		184A762B1ED3E3EA004A132B /* CLChannelHeadView.h */ = {isa = PBXFileReference; fileEncoding = 4; lastKnownFileType = sourcecode.c.h; path = CLChannelHeadView.h; sourceTree = "<group>"; };
		184A762C1ED3E3EA004A132B /* CLChannelHeadView.m */ = {isa = PBXFileReference; fileEncoding = 4; lastKnownFileType = sourcecode.c.objc; path = CLChannelHeadView.m; sourceTree = "<group>"; };
		184A763A1ED43744004A132B /* CLMineVC.h */ = {isa = PBXFileReference; fileEncoding = 4; lastKnownFileType = sourcecode.c.h; path = CLMineVC.h; sourceTree = "<group>"; };
		184A763B1ED43744004A132B /* CLMineVC.m */ = {isa = PBXFileReference; fileEncoding = 4; lastKnownFileType = sourcecode.c.objc; path = CLMineVC.m; sourceTree = "<group>"; };
		184A76461ED43BE1004A132B /* CLMinePersonCenterCell.h */ = {isa = PBXFileReference; fileEncoding = 4; lastKnownFileType = sourcecode.c.h; path = CLMinePersonCenterCell.h; sourceTree = "<group>"; };
		184A76471ED43BE1004A132B /* CLMinePersonCenterCell.m */ = {isa = PBXFileReference; fileEncoding = 4; lastKnownFileType = sourcecode.c.objc; path = CLMinePersonCenterCell.m; sourceTree = "<group>"; };
		184A76491ED43BF3004A132B /* CLMineDailyManagerCell.h */ = {isa = PBXFileReference; fileEncoding = 4; lastKnownFileType = sourcecode.c.h; path = CLMineDailyManagerCell.h; sourceTree = "<group>"; };
		184A764A1ED43BF3004A132B /* CLMineDailyManagerCell.m */ = {isa = PBXFileReference; fileEncoding = 4; lastKnownFileType = sourcecode.c.objc; path = CLMineDailyManagerCell.m; sourceTree = "<group>"; };
		184A764C1ED43C02004A132B /* CLMineShopingCell.h */ = {isa = PBXFileReference; fileEncoding = 4; lastKnownFileType = sourcecode.c.h; path = CLMineShopingCell.h; sourceTree = "<group>"; };
		184A764D1ED43C02004A132B /* CLMineShopingCell.m */ = {isa = PBXFileReference; fileEncoding = 4; lastKnownFileType = sourcecode.c.objc; path = CLMineShopingCell.m; sourceTree = "<group>"; };
		184A764F1ED43C11004A132B /* CLMineOtherCell.h */ = {isa = PBXFileReference; fileEncoding = 4; lastKnownFileType = sourcecode.c.h; path = CLMineOtherCell.h; sourceTree = "<group>"; };
		184A76501ED43C11004A132B /* CLMineOtherCell.m */ = {isa = PBXFileReference; fileEncoding = 4; lastKnownFileType = sourcecode.c.objc; path = CLMineOtherCell.m; sourceTree = "<group>"; };
		184A76521ED44456004A132B /* CLMineSectionView.h */ = {isa = PBXFileReference; fileEncoding = 4; lastKnownFileType = sourcecode.c.h; path = CLMineSectionView.h; sourceTree = "<group>"; };
		184A76531ED44456004A132B /* CLMineSectionView.m */ = {isa = PBXFileReference; fileEncoding = 4; lastKnownFileType = sourcecode.c.objc; path = CLMineSectionView.m; sourceTree = "<group>"; };
		18700AC41ED827D5004AC634 /* 0B3C1A13016F1E515EE9740DAFA886AE.jpg */ = {isa = PBXFileReference; lastKnownFileType = image.jpeg; name = 0B3C1A13016F1E515EE9740DAFA886AE.jpg; path = ../../../../../../../Library/Containers/com.tencent.qq/Data/Library/Caches/Images/0B3C1A13016F1E515EE9740DAFA886AE.jpg; sourceTree = "<group>"; };
		18700AC61ED827E4004AC634 /* 4B7E3D1CAF29FA1EB1C8822E3709BBAF.jpg */ = {isa = PBXFileReference; lastKnownFileType = image.jpeg; name = 4B7E3D1CAF29FA1EB1C8822E3709BBAF.jpg; path = ../../../../../../../Library/Containers/com.tencent.qq/Data/Library/Caches/Images/4B7E3D1CAF29FA1EB1C8822E3709BBAF.jpg; sourceTree = "<group>"; };
		18700AC81ED827EA004AC634 /* 5C7DBF7FE0C7816C4F2ADEF7E171A54E.jpg */ = {isa = PBXFileReference; lastKnownFileType = image.jpeg; name = 5C7DBF7FE0C7816C4F2ADEF7E171A54E.jpg; path = ../../../../../../../Library/Containers/com.tencent.qq/Data/Library/Caches/Images/5C7DBF7FE0C7816C4F2ADEF7E171A54E.jpg; sourceTree = "<group>"; };
		18700ACA1ED827F1004AC634 /* DA29B5D0C19AC558D7FDC5076E474BD8.jpg */ = {isa = PBXFileReference; lastKnownFileType = image.jpeg; name = DA29B5D0C19AC558D7FDC5076E474BD8.jpg; path = ../../../../../../../Library/Containers/com.tencent.qq/Data/Library/Caches/Images/DA29B5D0C19AC558D7FDC5076E474BD8.jpg; sourceTree = "<group>"; };
		18700ACC1ED827F9004AC634 /* E5DA662A3D3D4FA222092A0AD6933538.jpg */ = {isa = PBXFileReference; lastKnownFileType = image.jpeg; name = E5DA662A3D3D4FA222092A0AD6933538.jpg; path = ../../../../../../../Library/Containers/com.tencent.qq/Data/Library/Caches/Images/E5DA662A3D3D4FA222092A0AD6933538.jpg; sourceTree = "<group>"; };
		18700ACE1ED827FF004AC634 /* F2A70F9E9D4FBD499D932346A221D318.jpg */ = {isa = PBXFileReference; lastKnownFileType = image.jpeg; name = F2A70F9E9D4FBD499D932346A221D318.jpg; path = ../../../../../../../Library/Containers/com.tencent.qq/Data/Library/Caches/Images/F2A70F9E9D4FBD499D932346A221D318.jpg; sourceTree = "<group>"; };
		18700AD01ED82808004AC634 /* 89F01C3E1C3DC463F9B2073CDDCFDE31.jpg */ = {isa = PBXFileReference; lastKnownFileType = image.jpeg; name = 89F01C3E1C3DC463F9B2073CDDCFDE31.jpg; path = ../../../../../../../Library/Containers/com.tencent.qq/Data/Library/Caches/Images/89F01C3E1C3DC463F9B2073CDDCFDE31.jpg; sourceTree = "<group>"; };
		18700AD21ED8280D004AC634 /* A2B2A36A846BF4065FAF03DEBA993422.jpg */ = {isa = PBXFileReference; lastKnownFileType = image.jpeg; name = A2B2A36A846BF4065FAF03DEBA993422.jpg; path = ../../../../../../../Library/Containers/com.tencent.qq/Data/Library/Caches/Images/A2B2A36A846BF4065FAF03DEBA993422.jpg; sourceTree = "<group>"; };
		18700AD41ED82813004AC634 /* 6376BD7F91770FFE2EF9AAB3C32FBD9B.jpg */ = {isa = PBXFileReference; lastKnownFileType = image.jpeg; name = 6376BD7F91770FFE2EF9AAB3C32FBD9B.jpg; path = ../../../../../../../Library/Containers/com.tencent.qq/Data/Library/Caches/Images/6376BD7F91770FFE2EF9AAB3C32FBD9B.jpg; sourceTree = "<group>"; };
		18700AD61ED82819004AC634 /* E6211B634112B60F1AD9FEC391D1D96A.jpg */ = {isa = PBXFileReference; lastKnownFileType = image.jpeg; name = E6211B634112B60F1AD9FEC391D1D96A.jpg; path = ../../../../../../../Library/Containers/com.tencent.qq/Data/Library/Caches/Images/E6211B634112B60F1AD9FEC391D1D96A.jpg; sourceTree = "<group>"; };
		18700AD81ED8281E004AC634 /* E91BB40B71793FFCC5783428F562E564.jpg */ = {isa = PBXFileReference; lastKnownFileType = image.jpeg; name = E91BB40B71793FFCC5783428F562E564.jpg; path = ../../../../../../../Library/Containers/com.tencent.qq/Data/Library/Caches/Images/E91BB40B71793FFCC5783428F562E564.jpg; sourceTree = "<group>"; };
		18700ADA1ED82823004AC634 /* 8AFFFC0723FC0D56726926B5E04C1385.jpg */ = {isa = PBXFileReference; lastKnownFileType = image.jpeg; name = 8AFFFC0723FC0D56726926B5E04C1385.jpg; path = ../../../../../../../Library/Containers/com.tencent.qq/Data/Library/Caches/Images/8AFFFC0723FC0D56726926B5E04C1385.jpg; sourceTree = "<group>"; };
		18700ADC1ED82829004AC634 /* 91467F5AD88F7DA0B5636164CCF23A06.jpg */ = {isa = PBXFileReference; lastKnownFileType = image.jpeg; name = 91467F5AD88F7DA0B5636164CCF23A06.jpg; path = ../../../../../../../Library/Containers/com.tencent.qq/Data/Library/Caches/Images/91467F5AD88F7DA0B5636164CCF23A06.jpg; sourceTree = "<group>"; };
		18700ADE1ED8282E004AC634 /* 70C97AE030710503B15AA9694993F4DF.jpg */ = {isa = PBXFileReference; lastKnownFileType = image.jpeg; name = 70C97AE030710503B15AA9694993F4DF.jpg; path = ../../../../../../../Library/Containers/com.tencent.qq/Data/Library/Caches/Images/70C97AE030710503B15AA9694993F4DF.jpg; sourceTree = "<group>"; };
		18700AE01ED82834004AC634 /* BEEA1D51C3610CAFFE3D9FB86FF19D0C.jpg */ = {isa = PBXFileReference; lastKnownFileType = image.jpeg; name = BEEA1D51C3610CAFFE3D9FB86FF19D0C.jpg; path = ../../../../../../../Library/Containers/com.tencent.qq/Data/Library/Caches/Images/BEEA1D51C3610CAFFE3D9FB86FF19D0C.jpg; sourceTree = "<group>"; };
		18700AE21ED82839004AC634 /* 435086D44A0211F394F07558DF61C302.jpg */ = {isa = PBXFileReference; lastKnownFileType = image.jpeg; name = 435086D44A0211F394F07558DF61C302.jpg; path = ../../../../../../../Library/Containers/com.tencent.qq/Data/Library/Caches/Images/435086D44A0211F394F07558DF61C302.jpg; sourceTree = "<group>"; };
		18700AE41ED8283F004AC634 /* 972B22C928AD2121E4559EC9D34A2977.jpg */ = {isa = PBXFileReference; lastKnownFileType = image.jpeg; name = 972B22C928AD2121E4559EC9D34A2977.jpg; path = ../../../../../../../Library/Containers/com.tencent.qq/Data/Library/Caches/Images/972B22C928AD2121E4559EC9D34A2977.jpg; sourceTree = "<group>"; };
		18700AE61ED82844004AC634 /* 10529DB780736310C4FF9845869C56AE.jpg */ = {isa = PBXFileReference; lastKnownFileType = image.jpeg; name = 10529DB780736310C4FF9845869C56AE.jpg; path = ../../../../../../../Library/Containers/com.tencent.qq/Data/Library/Caches/Images/10529DB780736310C4FF9845869C56AE.jpg; sourceTree = "<group>"; };
		18700AE81ED8284A004AC634 /* B0CDB5DC5B73E8F92EF6A887E402C506.jpg */ = {isa = PBXFileReference; lastKnownFileType = image.jpeg; name = B0CDB5DC5B73E8F92EF6A887E402C506.jpg; path = ../../../../../../../Library/Containers/com.tencent.qq/Data/Library/Caches/Images/B0CDB5DC5B73E8F92EF6A887E402C506.jpg; sourceTree = "<group>"; };
		18700AEA1ED82850004AC634 /* 78A7C90463B435BCC07F06AC5B210D55.jpg */ = {isa = PBXFileReference; lastKnownFileType = image.jpeg; name = 78A7C90463B435BCC07F06AC5B210D55.jpg; path = ../../../../../../../Library/Containers/com.tencent.qq/Data/Library/Caches/Images/78A7C90463B435BCC07F06AC5B210D55.jpg; sourceTree = "<group>"; };
		18700AEC1ED82A2B004AC634 /* 32309AE9E06B00C1E40984FEF07C3C13.jpg */ = {isa = PBXFileReference; lastKnownFileType = image.jpeg; name = 32309AE9E06B00C1E40984FEF07C3C13.jpg; path = ../../../../../../../Library/Containers/com.tencent.qq/Data/Library/Caches/Images/32309AE9E06B00C1E40984FEF07C3C13.jpg; sourceTree = "<group>"; };
		18700AEE1ED82ED1004AC634 /* CLChannelImagesView.h */ = {isa = PBXFileReference; fileEncoding = 4; lastKnownFileType = sourcecode.c.h; path = CLChannelImagesView.h; sourceTree = "<group>"; };
		18700AEF1ED82ED1004AC634 /* CLChannelImagesView.m */ = {isa = PBXFileReference; fileEncoding = 4; lastKnownFileType = sourcecode.c.objc; path = CLChannelImagesView.m; sourceTree = "<group>"; };
		188897DE1ED2844D00125AFF /* CLDynamicTableViewCell.h */ = {isa = PBXFileReference; fileEncoding = 4; lastKnownFileType = sourcecode.c.h; path = CLDynamicTableViewCell.h; sourceTree = "<group>"; };
		188897DF1ED2844D00125AFF /* CLDynamicTableViewCell.m */ = {isa = PBXFileReference; fileEncoding = 4; lastKnownFileType = sourcecode.c.objc; path = CLDynamicTableViewCell.m; sourceTree = "<group>"; };
		3336EBFE8980394B461A17D1 /* Pods-pet.debug.xcconfig */ = {isa = PBXFileReference; includeInIndex = 1; lastKnownFileType = text.xcconfig; name = "Pods-pet.debug.xcconfig"; path = "Pods/Target Support Files/Pods-pet/Pods-pet.debug.xcconfig"; sourceTree = "<group>"; };
		68CEA7EB5927C86A17DCDF02 /* Pods-pet.release.xcconfig */ = {isa = PBXFileReference; includeInIndex = 1; lastKnownFileType = text.xcconfig; name = "Pods-pet.release.xcconfig"; path = "Pods/Target Support Files/Pods-pet/Pods-pet.release.xcconfig"; sourceTree = "<group>"; };
		A09A619C440B93D13D65305C /* libPods-pet.a */ = {isa = PBXFileReference; explicitFileType = archive.ar; includeInIndex = 0; path = "libPods-pet.a"; sourceTree = BUILT_PRODUCTS_DIR; };
		D40544531ED0254400C70B29 /* CLSelectSectionView.h */ = {isa = PBXFileReference; fileEncoding = 4; lastKnownFileType = sourcecode.c.h; path = CLSelectSectionView.h; sourceTree = "<group>"; };
		D40544541ED0254400C70B29 /* CLSelectSectionView.m */ = {isa = PBXFileReference; fileEncoding = 4; lastKnownFileType = sourcecode.c.objc; path = CLSelectSectionView.m; sourceTree = "<group>"; };
		D405445A1ED0360D00C70B29 /* CLIntroductionVC.h */ = {isa = PBXFileReference; fileEncoding = 4; lastKnownFileType = sourcecode.c.h; path = CLIntroductionVC.h; sourceTree = "<group>"; };
		D405445B1ED0360D00C70B29 /* CLIntroductionVC.m */ = {isa = PBXFileReference; fileEncoding = 4; lastKnownFileType = sourcecode.c.objc; path = CLIntroductionVC.m; sourceTree = "<group>"; };
		D405445D1ED0368D00C70B29 /* CLIntroductionBaseVC.h */ = {isa = PBXFileReference; fileEncoding = 4; lastKnownFileType = sourcecode.c.h; path = CLIntroductionBaseVC.h; sourceTree = "<group>"; };
		D405445E1ED0368D00C70B29 /* CLIntroductionBaseVC.m */ = {isa = PBXFileReference; fileEncoding = 4; lastKnownFileType = sourcecode.c.objc; path = CLIntroductionBaseVC.m; sourceTree = "<group>"; };
		D40544601ED0583E00C70B29 /* 402FD6493BFE31152566135415C9F22A.jpg */ = {isa = PBXFileReference; lastKnownFileType = image.jpeg; path = 402FD6493BFE31152566135415C9F22A.jpg; sourceTree = "<group>"; };
		D40544621ED0584700C70B29 /* 45C272AAE3D9309128203B6D77C10BE2.jpg */ = {isa = PBXFileReference; lastKnownFileType = image.jpeg; path = 45C272AAE3D9309128203B6D77C10BE2.jpg; sourceTree = "<group>"; };
		D40544641ED0584C00C70B29 /* 4E35FA4B2D9C0636815C709FBD94DF5E.jpg */ = {isa = PBXFileReference; lastKnownFileType = image.jpeg; path = 4E35FA4B2D9C0636815C709FBD94DF5E.jpg; sourceTree = "<group>"; };
		D40544661ED0585300C70B29 /* 5345651BD274DFFB326F6C016FAAF45F.jpg */ = {isa = PBXFileReference; lastKnownFileType = image.jpeg; path = 5345651BD274DFFB326F6C016FAAF45F.jpg; sourceTree = "<group>"; };
		D40544681ED0585900C70B29 /* 2B18C2D4941421681BD6B9FBCEC48C2D.jpg */ = {isa = PBXFileReference; lastKnownFileType = image.jpeg; path = 2B18C2D4941421681BD6B9FBCEC48C2D.jpg; sourceTree = "<group>"; };
		D405446A1ED092F100C70B29 /* CLSelectTableViewCell.h */ = {isa = PBXFileReference; fileEncoding = 4; lastKnownFileType = sourcecode.c.h; path = CLSelectTableViewCell.h; sourceTree = "<group>"; };
		D405446B1ED092F100C70B29 /* CLSelectTableViewCell.m */ = {isa = PBXFileReference; fileEncoding = 4; lastKnownFileType = sourcecode.c.objc; path = CLSelectTableViewCell.m; sourceTree = "<group>"; };
		D405446D1ED1C8A100C70B29 /* CLCommentTableCell.h */ = {isa = PBXFileReference; fileEncoding = 4; lastKnownFileType = sourcecode.c.h; path = CLCommentTableCell.h; sourceTree = "<group>"; };
		D405446E1ED1C8A100C70B29 /* CLCommentTableCell.m */ = {isa = PBXFileReference; fileEncoding = 4; lastKnownFileType = sourcecode.c.objc; path = CLCommentTableCell.m; sourceTree = "<group>"; };
		D42E25671ECF1D67002D3F7D /* pet.app */ = {isa = PBXFileReference; explicitFileType = wrapper.application; includeInIndex = 0; path = pet.app; sourceTree = BUILT_PRODUCTS_DIR; };
		D42E256B1ECF1D67002D3F7D /* main.m */ = {isa = PBXFileReference; lastKnownFileType = sourcecode.c.objc; path = main.m; sourceTree = "<group>"; };
		D42E256D1ECF1D67002D3F7D /* AppDelegate.h */ = {isa = PBXFileReference; lastKnownFileType = sourcecode.c.h; path = AppDelegate.h; sourceTree = "<group>"; };
		D42E256E1ECF1D67002D3F7D /* AppDelegate.m */ = {isa = PBXFileReference; lastKnownFileType = sourcecode.c.objc; path = AppDelegate.m; sourceTree = "<group>"; };
		D42E25741ECF1D67002D3F7D /* Base */ = {isa = PBXFileReference; lastKnownFileType = file.storyboard; name = Base; path = Base.lproj/Main.storyboard; sourceTree = "<group>"; };
		D42E25761ECF1D67002D3F7D /* Assets.xcassets */ = {isa = PBXFileReference; lastKnownFileType = folder.assetcatalog; path = Assets.xcassets; sourceTree = "<group>"; };
		D42E25791ECF1D67002D3F7D /* Base */ = {isa = PBXFileReference; lastKnownFileType = file.storyboard; name = Base; path = Base.lproj/LaunchScreen.storyboard; sourceTree = "<group>"; };
		D42E257B1ECF1D67002D3F7D /* Info.plist */ = {isa = PBXFileReference; lastKnownFileType = text.plist.xml; path = Info.plist; sourceTree = "<group>"; };
		D42E25801ECF1D67002D3F7D /* petTests.xctest */ = {isa = PBXFileReference; explicitFileType = wrapper.cfbundle; includeInIndex = 0; path = petTests.xctest; sourceTree = BUILT_PRODUCTS_DIR; };
		D42E25841ECF1D67002D3F7D /* petTests.m */ = {isa = PBXFileReference; lastKnownFileType = sourcecode.c.objc; path = petTests.m; sourceTree = "<group>"; };
		D42E25861ECF1D67002D3F7D /* Info.plist */ = {isa = PBXFileReference; lastKnownFileType = text.plist.xml; path = Info.plist; sourceTree = "<group>"; };
		D42E258B1ECF1D67002D3F7D /* petUITests.xctest */ = {isa = PBXFileReference; explicitFileType = wrapper.cfbundle; includeInIndex = 0; path = petUITests.xctest; sourceTree = BUILT_PRODUCTS_DIR; };
		D42E258F1ECF1D67002D3F7D /* petUITests.m */ = {isa = PBXFileReference; lastKnownFileType = sourcecode.c.objc; path = petUITests.m; sourceTree = "<group>"; };
		D42E25911ECF1D67002D3F7D /* Info.plist */ = {isa = PBXFileReference; lastKnownFileType = text.plist.xml; path = Info.plist; sourceTree = "<group>"; };
		D42E25A51ECF22CC002D3F7D /* CLPetColor.h */ = {isa = PBXFileReference; fileEncoding = 4; lastKnownFileType = sourcecode.c.h; path = CLPetColor.h; sourceTree = "<group>"; };
		D42E25A71ECF26AF002D3F7D /* CLSystemSet.h */ = {isa = PBXFileReference; fileEncoding = 4; lastKnownFileType = sourcecode.c.h; path = CLSystemSet.h; sourceTree = "<group>"; };
		D42E25A81ECF26AF002D3F7D /* CLSystemSet.m */ = {isa = PBXFileReference; fileEncoding = 4; lastKnownFileType = sourcecode.c.objc; path = CLSystemSet.m; sourceTree = "<group>"; };
		D42E25AE1ECF27B9002D3F7D /* PetPrefixHeader.pch */ = {isa = PBXFileReference; fileEncoding = 4; lastKnownFileType = sourcecode.c.h; path = PetPrefixHeader.pch; sourceTree = "<group>"; };
		D42E25B01ECF2AF9002D3F7D /* CLTabVC.h */ = {isa = PBXFileReference; fileEncoding = 4; lastKnownFileType = sourcecode.c.h; path = CLTabVC.h; sourceTree = "<group>"; };
		D42E25B11ECF2AF9002D3F7D /* CLTabVC.m */ = {isa = PBXFileReference; fileEncoding = 4; lastKnownFileType = sourcecode.c.objc; path = CLTabVC.m; sourceTree = "<group>"; };
		D42E25CC1ECF2C28002D3F7D /* CLCommunityVC.h */ = {isa = PBXFileReference; fileEncoding = 4; lastKnownFileType = sourcecode.c.h; path = CLCommunityVC.h; sourceTree = "<group>"; };
		D42E25CD1ECF2C28002D3F7D /* CLCommunityVC.m */ = {isa = PBXFileReference; fileEncoding = 4; lastKnownFileType = sourcecode.c.objc; path = CLCommunityVC.m; sourceTree = "<group>"; };
		D42E25CF1ECF2C39002D3F7D /* CLDoctorVC.h */ = {isa = PBXFileReference; fileEncoding = 4; lastKnownFileType = sourcecode.c.h; path = CLDoctorVC.h; sourceTree = "<group>"; };
		D42E25D01ECF2C39002D3F7D /* CLDoctorVC.m */ = {isa = PBXFileReference; fileEncoding = 4; lastKnownFileType = sourcecode.c.objc; path = CLDoctorVC.m; sourceTree = "<group>"; };
		D42E25D21ECF2C48002D3F7D /* CLMallVC.h */ = {isa = PBXFileReference; fileEncoding = 4; lastKnownFileType = sourcecode.c.h; path = CLMallVC.h; sourceTree = "<group>"; };
		D42E25D31ECF2C48002D3F7D /* CLMallVC.m */ = {isa = PBXFileReference; fileEncoding = 4; lastKnownFileType = sourcecode.c.objc; path = CLMallVC.m; sourceTree = "<group>"; };
		D42E25D81ECF2C69002D3F7D /* CLServiceVC.h */ = {isa = PBXFileReference; fileEncoding = 4; lastKnownFileType = sourcecode.c.h; path = CLServiceVC.h; sourceTree = "<group>"; };
		D42E25D91ECF2C69002D3F7D /* CLServiceVC.m */ = {isa = PBXFileReference; fileEncoding = 4; lastKnownFileType = sourcecode.c.objc; path = CLServiceVC.m; sourceTree = "<group>"; };
		D42E25DB1ECF31C9002D3F7D /* NSString+CLStringTools.h */ = {isa = PBXFileReference; fileEncoding = 4; lastKnownFileType = sourcecode.c.h; path = "NSString+CLStringTools.h"; sourceTree = "<group>"; };
		D42E25DC1ECF31C9002D3F7D /* NSString+CLStringTools.m */ = {isa = PBXFileReference; fileEncoding = 4; lastKnownFileType = sourcecode.c.objc; path = "NSString+CLStringTools.m"; sourceTree = "<group>"; };
		D42E25DD1ECF31C9002D3F7D /* UIViewController+Extention.h */ = {isa = PBXFileReference; fileEncoding = 4; lastKnownFileType = sourcecode.c.h; path = "UIViewController+Extention.h"; sourceTree = "<group>"; };
		D42E25DE1ECF31C9002D3F7D /* UIViewController+Extention.m */ = {isa = PBXFileReference; fileEncoding = 4; lastKnownFileType = sourcecode.c.objc; path = "UIViewController+Extention.m"; sourceTree = "<group>"; };
		D42E25E11ECF38B9002D3F7D /* UIImageView+Avatar.h */ = {isa = PBXFileReference; fileEncoding = 4; lastKnownFileType = sourcecode.c.h; path = "UIImageView+Avatar.h"; sourceTree = "<group>"; };
		D42E25E21ECF38B9002D3F7D /* UIImageView+Avatar.m */ = {isa = PBXFileReference; fileEncoding = 4; lastKnownFileType = sourcecode.c.objc; path = "UIImageView+Avatar.m"; sourceTree = "<group>"; };
		D42E25E31ECF38B9002D3F7D /* UIViewController+BackButtonHandle.h */ = {isa = PBXFileReference; fileEncoding = 4; lastKnownFileType = sourcecode.c.h; path = "UIViewController+BackButtonHandle.h"; sourceTree = "<group>"; };
		D42E25E41ECF38B9002D3F7D /* UIViewController+BackButtonHandle.m */ = {isa = PBXFileReference; fileEncoding = 4; lastKnownFileType = sourcecode.c.objc; path = "UIViewController+BackButtonHandle.m"; sourceTree = "<group>"; };
		D42E25E71ECF38CF002D3F7D /* UIImage+Extension.h */ = {isa = PBXFileReference; fileEncoding = 4; lastKnownFileType = sourcecode.c.h; path = "UIImage+Extension.h"; sourceTree = "<group>"; };
		D42E25E81ECF38CF002D3F7D /* UIImage+Extension.m */ = {isa = PBXFileReference; fileEncoding = 4; lastKnownFileType = sourcecode.c.objc; path = "UIImage+Extension.m"; sourceTree = "<group>"; };
		D42E25EA1ECF3932002D3F7D /* CLUser.h */ = {isa = PBXFileReference; fileEncoding = 4; lastKnownFileType = sourcecode.c.h; path = CLUser.h; sourceTree = "<group>"; };
		D42E25EB1ECF3932002D3F7D /* CLUser.m */ = {isa = PBXFileReference; fileEncoding = 4; lastKnownFileType = sourcecode.c.objc; path = CLUser.m; sourceTree = "<group>"; };
		D42E25ED1ECF3A3D002D3F7D /* CLShareObject.h */ = {isa = PBXFileReference; fileEncoding = 4; lastKnownFileType = sourcecode.c.h; path = CLShareObject.h; sourceTree = "<group>"; };
		D42E25EE1ECF3A3D002D3F7D /* CLShareObject.m */ = {isa = PBXFileReference; fileEncoding = 4; lastKnownFileType = sourcecode.c.objc; path = CLShareObject.m; sourceTree = "<group>"; };
		D42E25F11ECFD11D002D3F7D /* CAPSPageMenu.h */ = {isa = PBXFileReference; fileEncoding = 4; lastKnownFileType = sourcecode.c.h; path = CAPSPageMenu.h; sourceTree = "<group>"; };
		D42E25F21ECFD11D002D3F7D /* CAPSPageMenu.m */ = {isa = PBXFileReference; fileEncoding = 4; lastKnownFileType = sourcecode.c.objc; path = CAPSPageMenu.m; sourceTree = "<group>"; };
		D42E25F41ECFD126002D3F7D /* CLPageVC.h */ = {isa = PBXFileReference; fileEncoding = 4; lastKnownFileType = sourcecode.c.h; path = CLPageVC.h; sourceTree = "<group>"; };
		D42E25F51ECFD126002D3F7D /* CLPageVC.m */ = {isa = PBXFileReference; fileEncoding = 4; lastKnownFileType = sourcecode.c.objc; path = CLPageVC.m; sourceTree = "<group>"; };
		D42E25F71ECFD203002D3F7D /* CLUntil.h */ = {isa = PBXFileReference; fileEncoding = 4; lastKnownFileType = sourcecode.c.h; path = CLUntil.h; sourceTree = "<group>"; };
		D42E260F1ECFEB11002D3F7D /* CLChildCommunityVC.h */ = {isa = PBXFileReference; fileEncoding = 4; lastKnownFileType = sourcecode.c.h; path = CLChildCommunityVC.h; sourceTree = "<group>"; };
		D42E26101ECFEB11002D3F7D /* CLChildCommunityVC.m */ = {isa = PBXFileReference; fileEncoding = 4; lastKnownFileType = sourcecode.c.objc; path = CLChildCommunityVC.m; sourceTree = "<group>"; };
		D42E26121ECFED71002D3F7D /* CLCommunityViewModel.h */ = {isa = PBXFileReference; fileEncoding = 4; lastKnownFileType = sourcecode.c.h; path = CLCommunityViewModel.h; sourceTree = "<group>"; };
		D42E26131ECFED71002D3F7D /* CLCommunityViewModel.m */ = {isa = PBXFileReference; fileEncoding = 4; lastKnownFileType = sourcecode.c.objc; path = CLCommunityViewModel.m; sourceTree = "<group>"; };
		D42E26151ECFEE66002D3F7D /* CLSelectHeadView.h */ = {isa = PBXFileReference; fileEncoding = 4; lastKnownFileType = sourcecode.c.h; path = CLSelectHeadView.h; sourceTree = "<group>"; };
		D42E26161ECFEE66002D3F7D /* CLSelectHeadView.m */ = {isa = PBXFileReference; fileEncoding = 4; lastKnownFileType = sourcecode.c.objc; path = CLSelectHeadView.m; sourceTree = "<group>"; };
		D42E26181ECFF12E002D3F7D /* CLChildCommunityViewModel.h */ = {isa = PBXFileReference; fileEncoding = 4; lastKnownFileType = sourcecode.c.h; path = CLChildCommunityViewModel.h; sourceTree = "<group>"; };
		D42E26191ECFF12E002D3F7D /* CLChildCommunityViewModel.m */ = {isa = PBXFileReference; fileEncoding = 4; lastKnownFileType = sourcecode.c.objc; path = CLChildCommunityViewModel.m; sourceTree = "<group>"; };
		D42E261B1ECFF144002D3F7D /* CLCommunityModel.h */ = {isa = PBXFileReference; fileEncoding = 4; lastKnownFileType = sourcecode.c.h; path = CLCommunityModel.h; sourceTree = "<group>"; };
		D42E261C1ECFF144002D3F7D /* CLCommunityModel.m */ = {isa = PBXFileReference; fileEncoding = 4; lastKnownFileType = sourcecode.c.objc; path = CLCommunityModel.m; sourceTree = "<group>"; };
		D43AFFD41ED7290600A04C03 /* CLChannelTableViewCell.h */ = {isa = PBXFileReference; fileEncoding = 4; lastKnownFileType = sourcecode.c.h; path = CLChannelTableViewCell.h; sourceTree = "<group>"; };
		D43AFFD51ED7290600A04C03 /* CLChannelTableViewCell.m */ = {isa = PBXFileReference; fileEncoding = 4; lastKnownFileType = sourcecode.c.objc; path = CLChannelTableViewCell.m; sourceTree = "<group>"; };
/* End PBXFileReference section */

/* Begin PBXFrameworksBuildPhase section */
		D42E25641ECF1D67002D3F7D /* Frameworks */ = {
			isa = PBXFrameworksBuildPhase;
			buildActionMask = 2147483647;
			files = (
				614B62B4636A91CE374D7A9F /* libPods-pet.a in Frameworks */,
			);
			runOnlyForDeploymentPostprocessing = 0;
		};
		D42E257D1ECF1D67002D3F7D /* Frameworks */ = {
			isa = PBXFrameworksBuildPhase;
			buildActionMask = 2147483647;
			files = (
			);
			runOnlyForDeploymentPostprocessing = 0;
		};
		D42E25881ECF1D67002D3F7D /* Frameworks */ = {
			isa = PBXFrameworksBuildPhase;
			buildActionMask = 2147483647;
			files = (
			);
			runOnlyForDeploymentPostprocessing = 0;
		};
/* End PBXFrameworksBuildPhase section */

/* Begin PBXGroup section */
		183C55381ED6DE8A002BF2B6 /* ChildVC */ = {
			isa = PBXGroup;
			children = (
				183C553C1ED6E3B6002BF2B6 /* Controller */,
				183C553F1ED6E3B6002BF2B6 /* Model */,
				183C55401ED6E3B6002BF2B6 /* View */,
				183C55411ED6E3B6002BF2B6 /* ViewModel */,
			);
			path = ChildVC;
			sourceTree = "<group>";
		};
		183C553C1ED6E3B6002BF2B6 /* Controller */ = {
			isa = PBXGroup;
			children = (
				183C553D1ED6E3B6002BF2B6 /* CLServiceChildVC.h */,
				183C553E1ED6E3B6002BF2B6 /* CLServiceChildVC.m */,
			);
			path = Controller;
			sourceTree = "<group>";
		};
		183C553F1ED6E3B6002BF2B6 /* Model */ = {
			isa = PBXGroup;
			children = (
				183C55551ED70281002BF2B6 /* CLServiceModel.h */,
				183C55561ED70281002BF2B6 /* CLServiceModel.m */,
			);
			path = Model;
			sourceTree = "<group>";
		};
		183C55401ED6E3B6002BF2B6 /* View */ = {
			isa = PBXGroup;
			children = (
				183C55431ED6E419002BF2B6 /* CLServiceChildCell.h */,
				183C55441ED6E419002BF2B6 /* CLServiceChildCell.m */,
			);
			path = View;
			sourceTree = "<group>";
		};
		183C55411ED6E3B6002BF2B6 /* ViewModel */ = {
			isa = PBXGroup;
			children = (
				183C55461ED6FA0C002BF2B6 /* CLServiceViewModel.h */,
				183C55471ED6FA0C002BF2B6 /* CLServiceViewModel.m */,
			);
			path = ViewModel;
			sourceTree = "<group>";
		};
		213EE8D801A987066CF50A73 /* Pods */ = {
			isa = PBXGroup;
			children = (
				3336EBFE8980394B461A17D1 /* Pods-pet.debug.xcconfig */,
				68CEA7EB5927C86A17DCDF02 /* Pods-pet.release.xcconfig */,
			);
			name = Pods;
			sourceTree = "<group>";
		};
		3B284660086568FF8091C43C /* Frameworks */ = {
			isa = PBXGroup;
			children = (
				A09A619C440B93D13D65305C /* libPods-pet.a */,
			);
			name = Frameworks;
			sourceTree = "<group>";
		};
		D40544591ED0335700C70B29 /* 引导页 */ = {
			isa = PBXGroup;
			children = (
				D405445D1ED0368D00C70B29 /* CLIntroductionBaseVC.h */,
				D405445E1ED0368D00C70B29 /* CLIntroductionBaseVC.m */,
				D405445A1ED0360D00C70B29 /* CLIntroductionVC.h */,
				D405445B1ED0360D00C70B29 /* CLIntroductionVC.m */,
			);
			path = "引导页";
			sourceTree = "<group>";
		};
		D42E255E1ECF1D67002D3F7D = {
			isa = PBXGroup;
			children = (
				D42E25691ECF1D67002D3F7D /* pet */,
				D42E25831ECF1D67002D3F7D /* petTests */,
				D42E258E1ECF1D67002D3F7D /* petUITests */,
				D42E25681ECF1D67002D3F7D /* Products */,
				213EE8D801A987066CF50A73 /* Pods */,
				3B284660086568FF8091C43C /* Frameworks */,
			);
			sourceTree = "<group>";
		};
		D42E25681ECF1D67002D3F7D /* Products */ = {
			isa = PBXGroup;
			children = (
				D42E25671ECF1D67002D3F7D /* pet.app */,
				D42E25801ECF1D67002D3F7D /* petTests.xctest */,
				D42E258B1ECF1D67002D3F7D /* petUITests.xctest */,
			);
			name = Products;
			sourceTree = "<group>";
		};
		D42E25691ECF1D67002D3F7D /* pet */ = {
			isa = PBXGroup;
			children = (
				D42E25F01ECFD11D002D3F7D /* Vender */,
				D42E259D1ECF228E002D3F7D /* Expand */,
				D42E259E1ECF228E002D3F7D /* Main */,
				D42E25A31ECF228E002D3F7D /* Resource */,
				D42E25A41ECF228E002D3F7D /* Tools */,
				D42E256D1ECF1D67002D3F7D /* AppDelegate.h */,
				D42E256E1ECF1D67002D3F7D /* AppDelegate.m */,
				D42E259F1ECF228E002D3F7D /* Other */,
				D42E25731ECF1D67002D3F7D /* Main.storyboard */,
				D42E25761ECF1D67002D3F7D /* Assets.xcassets */,
				D42E25781ECF1D67002D3F7D /* LaunchScreen.storyboard */,
				D42E257B1ECF1D67002D3F7D /* Info.plist */,
				D42E256A1ECF1D67002D3F7D /* Supporting Files */,
			);
			path = pet;
			sourceTree = "<group>";
		};
		D42E256A1ECF1D67002D3F7D /* Supporting Files */ = {
			isa = PBXGroup;
			children = (
				D42E256B1ECF1D67002D3F7D /* main.m */,
			);
			name = "Supporting Files";
			sourceTree = "<group>";
		};
		D42E25831ECF1D67002D3F7D /* petTests */ = {
			isa = PBXGroup;
			children = (
				D42E25841ECF1D67002D3F7D /* petTests.m */,
				D42E25861ECF1D67002D3F7D /* Info.plist */,
			);
			path = petTests;
			sourceTree = "<group>";
		};
		D42E258E1ECF1D67002D3F7D /* petUITests */ = {
			isa = PBXGroup;
			children = (
				D42E258F1ECF1D67002D3F7D /* petUITests.m */,
				D42E25911ECF1D67002D3F7D /* Info.plist */,
			);
			path = petUITests;
			sourceTree = "<group>";
		};
		D42E259D1ECF228E002D3F7D /* Expand */ = {
			isa = PBXGroup;
			children = (
				D42E25E71ECF38CF002D3F7D /* UIImage+Extension.h */,
				D42E25E81ECF38CF002D3F7D /* UIImage+Extension.m */,
				D42E25E11ECF38B9002D3F7D /* UIImageView+Avatar.h */,
				D42E25E21ECF38B9002D3F7D /* UIImageView+Avatar.m */,
				D42E25E31ECF38B9002D3F7D /* UIViewController+BackButtonHandle.h */,
				D42E25E41ECF38B9002D3F7D /* UIViewController+BackButtonHandle.m */,
				D42E25DB1ECF31C9002D3F7D /* NSString+CLStringTools.h */,
				D42E25DC1ECF31C9002D3F7D /* NSString+CLStringTools.m */,
				D42E25DD1ECF31C9002D3F7D /* UIViewController+Extention.h */,
				D42E25DE1ECF31C9002D3F7D /* UIViewController+Extention.m */,
			);
			path = Expand;
			sourceTree = "<group>";
		};
		D42E259E1ECF228E002D3F7D /* Main */ = {
			isa = PBXGroup;
			children = (
				D42E25B31ECF2BDE002D3F7D /* Community */,
				D42E25B81ECF2BDE002D3F7D /* Doctor */,
				D42E25BD1ECF2BDE002D3F7D /* Mall */,
				D42E25C21ECF2BDE002D3F7D /* Mine */,
				D42E25C71ECF2BDE002D3F7D /* Service */,
			);
			path = Main;
			sourceTree = "<group>";
		};
		D42E259F1ECF228E002D3F7D /* Other */ = {
			isa = PBXGroup;
			children = (
				D40544591ED0335700C70B29 /* 引导页 */,
				D42E25AF1ECF2ADD002D3F7D /* Tab */,
				D42E25A61ECF2693002D3F7D /* 项目偏好设置 */,
				D42E25A01ECF228E002D3F7D /* http */,
				D42E25A11ECF228E002D3F7D /* login */,
				D42E25A21ECF228E002D3F7D /* regist */,
				D42E25A51ECF22CC002D3F7D /* CLPetColor.h */,
				D42E25AE1ECF27B9002D3F7D /* PetPrefixHeader.pch */,
				D42E25ED1ECF3A3D002D3F7D /* CLShareObject.h */,
				D42E25EE1ECF3A3D002D3F7D /* CLShareObject.m */,
				D42E25F71ECFD203002D3F7D /* CLUntil.h */,
			);
			path = Other;
			sourceTree = "<group>";
		};
		D42E25A01ECF228E002D3F7D /* http */ = {
			isa = PBXGroup;
			children = (
			);
			path = http;
			sourceTree = "<group>";
		};
		D42E25A11ECF228E002D3F7D /* login */ = {
			isa = PBXGroup;
			children = (
			);
			path = login;
			sourceTree = "<group>";
		};
		D42E25A21ECF228E002D3F7D /* regist */ = {
			isa = PBXGroup;
			children = (
			);
			path = regist;
			sourceTree = "<group>";
		};
		D42E25A31ECF228E002D3F7D /* Resource */ = {
			isa = PBXGroup;
			children = (
				183C55491ED6FD08002BF2B6 /* Rectangle 4 Copy 2@2x.png */,
				183C554A1ED6FD08002BF2B6 /* Rectangle 4 Copy 2@3x.png */,
				183C554B1ED6FD08002BF2B6 /* Rectangle 4 Copy@2x.png */,
				183C554C1ED6FD08002BF2B6 /* Rectangle 4 Copy@3x.png */,
				183C554D1ED6FD08002BF2B6 /* Rectangle 4@2x.png */,
				183C554E1ED6FD08002BF2B6 /* Rectangle 4@3x.png */,
				D40544681ED0585900C70B29 /* 2B18C2D4941421681BD6B9FBCEC48C2D.jpg */,
				D40544601ED0583E00C70B29 /* 402FD6493BFE31152566135415C9F22A.jpg */,
				D40544661ED0585300C70B29 /* 5345651BD274DFFB326F6C016FAAF45F.jpg */,
				D40544621ED0584700C70B29 /* 45C272AAE3D9309128203B6D77C10BE2.jpg */,
				D40544641ED0584C00C70B29 /* 4E35FA4B2D9C0636815C709FBD94DF5E.jpg */,
				18700AC41ED827D5004AC634 /* 0B3C1A13016F1E515EE9740DAFA886AE.jpg */,
				18700AC61ED827E4004AC634 /* 4B7E3D1CAF29FA1EB1C8822E3709BBAF.jpg */,
				18700AC81ED827EA004AC634 /* 5C7DBF7FE0C7816C4F2ADEF7E171A54E.jpg */,
				18700ACA1ED827F1004AC634 /* DA29B5D0C19AC558D7FDC5076E474BD8.jpg */,
				18700ACC1ED827F9004AC634 /* E5DA662A3D3D4FA222092A0AD6933538.jpg */,
				18700ACE1ED827FF004AC634 /* F2A70F9E9D4FBD499D932346A221D318.jpg */,
				18700AD01ED82808004AC634 /* 89F01C3E1C3DC463F9B2073CDDCFDE31.jpg */,
				18700AD21ED8280D004AC634 /* A2B2A36A846BF4065FAF03DEBA993422.jpg */,
				18700AD41ED82813004AC634 /* 6376BD7F91770FFE2EF9AAB3C32FBD9B.jpg */,
				18700AD61ED82819004AC634 /* E6211B634112B60F1AD9FEC391D1D96A.jpg */,
				18700AD81ED8281E004AC634 /* E91BB40B71793FFCC5783428F562E564.jpg */,
				18700ADA1ED82823004AC634 /* 8AFFFC0723FC0D56726926B5E04C1385.jpg */,
				18700ADC1ED82829004AC634 /* 91467F5AD88F7DA0B5636164CCF23A06.jpg */,
				18700ADE1ED8282E004AC634 /* 70C97AE030710503B15AA9694993F4DF.jpg */,
				18700AE01ED82834004AC634 /* BEEA1D51C3610CAFFE3D9FB86FF19D0C.jpg */,
				18700AE21ED82839004AC634 /* 435086D44A0211F394F07558DF61C302.jpg */,
				18700AE41ED8283F004AC634 /* 972B22C928AD2121E4559EC9D34A2977.jpg */,
				18700AE61ED82844004AC634 /* 10529DB780736310C4FF9845869C56AE.jpg */,
				18700AE81ED8284A004AC634 /* B0CDB5DC5B73E8F92EF6A887E402C506.jpg */,
				18700AEA1ED82850004AC634 /* 78A7C90463B435BCC07F06AC5B210D55.jpg */,
				18700AEC1ED82A2B004AC634 /* 32309AE9E06B00C1E40984FEF07C3C13.jpg */,
			);
			path = Resource;
			sourceTree = "<group>";
		};
		D42E25A41ECF228E002D3F7D /* Tools */ = {
			isa = PBXGroup;
			children = (
				D42E25F41ECFD126002D3F7D /* CLPageVC.h */,
				D42E25F51ECFD126002D3F7D /* CLPageVC.m */,
			);
			path = Tools;
			sourceTree = "<group>";
		};
		D42E25A61ECF2693002D3F7D /* 项目偏好设置 */ = {
			isa = PBXGroup;
			children = (
				D42E25A71ECF26AF002D3F7D /* CLSystemSet.h */,
				D42E25A81ECF26AF002D3F7D /* CLSystemSet.m */,
			);
			path = "项目偏好设置";
			sourceTree = "<group>";
		};
		D42E25AF1ECF2ADD002D3F7D /* Tab */ = {
			isa = PBXGroup;
			children = (
				D42E25B01ECF2AF9002D3F7D /* CLTabVC.h */,
				D42E25B11ECF2AF9002D3F7D /* CLTabVC.m */,
			);
			path = Tab;
			sourceTree = "<group>";
		};
		D42E25B31ECF2BDE002D3F7D /* Community */ = {
			isa = PBXGroup;
			children = (
				D42E25B41ECF2BDE002D3F7D /* Controller */,
				D42E25B51ECF2BDE002D3F7D /* Model */,
				D42E25B61ECF2BDE002D3F7D /* View */,
				D42E25B71ECF2BDE002D3F7D /* ViewModel */,
			);
			path = Community;
			sourceTree = "<group>";
		};
		D42E25B41ECF2BDE002D3F7D /* Controller */ = {
			isa = PBXGroup;
			children = (
				D42E25F81ECFD57A002D3F7D /* ChildVC */,
				D42E25CC1ECF2C28002D3F7D /* CLCommunityVC.h */,
				D42E25CD1ECF2C28002D3F7D /* CLCommunityVC.m */,
			);
			path = Controller;
			sourceTree = "<group>";
		};
		D42E25B51ECF2BDE002D3F7D /* Model */ = {
			isa = PBXGroup;
			children = (
			);
			path = Model;
			sourceTree = "<group>";
		};
		D42E25B61ECF2BDE002D3F7D /* View */ = {
			isa = PBXGroup;
			children = (
			);
			path = View;
			sourceTree = "<group>";
		};
		D42E25B71ECF2BDE002D3F7D /* ViewModel */ = {
			isa = PBXGroup;
			children = (
				D42E26121ECFED71002D3F7D /* CLCommunityViewModel.h */,
				D42E26131ECFED71002D3F7D /* CLCommunityViewModel.m */,
			);
			path = ViewModel;
			sourceTree = "<group>";
		};
		D42E25B81ECF2BDE002D3F7D /* Doctor */ = {
			isa = PBXGroup;
			children = (
				D42E25B91ECF2BDE002D3F7D /* Controller */,
				D42E25BA1ECF2BDE002D3F7D /* Model */,
				D42E25BB1ECF2BDE002D3F7D /* View */,
				D42E25BC1ECF2BDE002D3F7D /* ViewModel */,
			);
			path = Doctor;
			sourceTree = "<group>";
		};
		D42E25B91ECF2BDE002D3F7D /* Controller */ = {
			isa = PBXGroup;
			children = (
				D42E25CF1ECF2C39002D3F7D /* CLDoctorVC.h */,
				D42E25D01ECF2C39002D3F7D /* CLDoctorVC.m */,
			);
			path = Controller;
			sourceTree = "<group>";
		};
		D42E25BA1ECF2BDE002D3F7D /* Model */ = {
			isa = PBXGroup;
			children = (
			);
			path = Model;
			sourceTree = "<group>";
		};
		D42E25BB1ECF2BDE002D3F7D /* View */ = {
			isa = PBXGroup;
			children = (
			);
			path = View;
			sourceTree = "<group>";
		};
		D42E25BC1ECF2BDE002D3F7D /* ViewModel */ = {
			isa = PBXGroup;
			children = (
			);
			path = ViewModel;
			sourceTree = "<group>";
		};
		D42E25BD1ECF2BDE002D3F7D /* Mall */ = {
			isa = PBXGroup;
			children = (
				D42E25BE1ECF2BDE002D3F7D /* Controller */,
				D42E25BF1ECF2BDE002D3F7D /* Model */,
				D42E25C01ECF2BDE002D3F7D /* View */,
				D42E25C11ECF2BDE002D3F7D /* ViewModel */,
			);
			path = Mall;
			sourceTree = "<group>";
		};
		D42E25BE1ECF2BDE002D3F7D /* Controller */ = {
			isa = PBXGroup;
			children = (
				D42E25D21ECF2C48002D3F7D /* CLMallVC.h */,
				D42E25D31ECF2C48002D3F7D /* CLMallVC.m */,
			);
			path = Controller;
			sourceTree = "<group>";
		};
		D42E25BF1ECF2BDE002D3F7D /* Model */ = {
			isa = PBXGroup;
			children = (
			);
			path = Model;
			sourceTree = "<group>";
		};
		D42E25C01ECF2BDE002D3F7D /* View */ = {
			isa = PBXGroup;
			children = (
			);
			path = View;
			sourceTree = "<group>";
		};
		D42E25C11ECF2BDE002D3F7D /* ViewModel */ = {
			isa = PBXGroup;
			children = (
			);
			path = ViewModel;
			sourceTree = "<group>";
		};
		D42E25C21ECF2BDE002D3F7D /* Mine */ = {
			isa = PBXGroup;
			children = (
				D42E25C31ECF2BDE002D3F7D /* Controller */,
				D42E25C41ECF2BDE002D3F7D /* Model */,
				D42E25C51ECF2BDE002D3F7D /* View */,
				D42E25C61ECF2BDE002D3F7D /* ViewModel */,
			);
			path = Mine;
			sourceTree = "<group>";
		};
		D42E25C31ECF2BDE002D3F7D /* Controller */ = {
			isa = PBXGroup;
			children = (
				184A763A1ED43744004A132B /* CLMineVC.h */,
				184A763B1ED43744004A132B /* CLMineVC.m */,
			);
			path = Controller;
			sourceTree = "<group>";
		};
		D42E25C41ECF2BDE002D3F7D /* Model */ = {
			isa = PBXGroup;
			children = (
				D42E25EA1ECF3932002D3F7D /* CLUser.h */,
				D42E25EB1ECF3932002D3F7D /* CLUser.m */,
			);
			path = Model;
			sourceTree = "<group>";
		};
		D42E25C51ECF2BDE002D3F7D /* View */ = {
			isa = PBXGroup;
			children = (
				184A76461ED43BE1004A132B /* CLMinePersonCenterCell.h */,
				184A76471ED43BE1004A132B /* CLMinePersonCenterCell.m */,
				184A76491ED43BF3004A132B /* CLMineDailyManagerCell.h */,
				184A764A1ED43BF3004A132B /* CLMineDailyManagerCell.m */,
				184A764C1ED43C02004A132B /* CLMineShopingCell.h */,
				184A764D1ED43C02004A132B /* CLMineShopingCell.m */,
				184A764F1ED43C11004A132B /* CLMineOtherCell.h */,
				184A76501ED43C11004A132B /* CLMineOtherCell.m */,
				184A76521ED44456004A132B /* CLMineSectionView.h */,
				184A76531ED44456004A132B /* CLMineSectionView.m */,
				183C55351ED6AE0F002BF2B6 /* CLMenuItem.h */,
				183C55361ED6AE0F002BF2B6 /* CLMenuItem.m */,
			);
			path = View;
			sourceTree = "<group>";
		};
		D42E25C61ECF2BDE002D3F7D /* ViewModel */ = {
			isa = PBXGroup;
			children = (
			);
			path = ViewModel;
			sourceTree = "<group>";
		};
		D42E25C71ECF2BDE002D3F7D /* Service */ = {
			isa = PBXGroup;
			children = (
				183C55381ED6DE8A002BF2B6 /* ChildVC */,
				D42E25C81ECF2BDE002D3F7D /* Controller */,
				D42E25C91ECF2BDE002D3F7D /* Model */,
				D42E25CA1ECF2BDE002D3F7D /* View */,
				D42E25CB1ECF2BDE002D3F7D /* ViewModel */,
			);
			path = Service;
			sourceTree = "<group>";
		};
		D42E25C81ECF2BDE002D3F7D /* Controller */ = {
			isa = PBXGroup;
			children = (
				D42E25D81ECF2C69002D3F7D /* CLServiceVC.h */,
				D42E25D91ECF2C69002D3F7D /* CLServiceVC.m */,
			);
			path = Controller;
			sourceTree = "<group>";
		};
		D42E25C91ECF2BDE002D3F7D /* Model */ = {
			isa = PBXGroup;
			children = (
			);
			path = Model;
			sourceTree = "<group>";
		};
		D42E25CA1ECF2BDE002D3F7D /* View */ = {
			isa = PBXGroup;
			children = (
			);
			path = View;
			sourceTree = "<group>";
		};
		D42E25CB1ECF2BDE002D3F7D /* ViewModel */ = {
			isa = PBXGroup;
			children = (
			);
			path = ViewModel;
			sourceTree = "<group>";
		};
		D42E25F01ECFD11D002D3F7D /* Vender */ = {
			isa = PBXGroup;
			children = (
				D42E25F11ECFD11D002D3F7D /* CAPSPageMenu.h */,
				D42E25F21ECFD11D002D3F7D /* CAPSPageMenu.m */,
			);
			path = Vender;
			sourceTree = "<group>";
		};
		D42E25F81ECFD57A002D3F7D /* ChildVC */ = {
			isa = PBXGroup;
			children = (
				D42E260B1ECFEAFE002D3F7D /* Controller */,
				D42E260C1ECFEAFE002D3F7D /* Model */,
				D42E260D1ECFEAFE002D3F7D /* View */,
				D42E260E1ECFEAFE002D3F7D /* ViewModel */,
			);
			path = ChildVC;
			sourceTree = "<group>";
		};
		D42E260B1ECFEAFE002D3F7D /* Controller */ = {
			isa = PBXGroup;
			children = (
				D42E260F1ECFEB11002D3F7D /* CLChildCommunityVC.h */,
				D42E26101ECFEB11002D3F7D /* CLChildCommunityVC.m */,
			);
			path = Controller;
			sourceTree = "<group>";
		};
		D42E260C1ECFEAFE002D3F7D /* Model */ = {
			isa = PBXGroup;
			children = (
				D42E261B1ECFF144002D3F7D /* CLCommunityModel.h */,
				D42E261C1ECFF144002D3F7D /* CLCommunityModel.m */,
			);
			path = Model;
			sourceTree = "<group>";
		};
		D42E260D1ECFEAFE002D3F7D /* View */ = {
			isa = PBXGroup;
			children = (
				D42E26151ECFEE66002D3F7D /* CLSelectHeadView.h */,
				D42E26161ECFEE66002D3F7D /* CLSelectHeadView.m */,
				D40544531ED0254400C70B29 /* CLSelectSectionView.h */,
				D40544541ED0254400C70B29 /* CLSelectSectionView.m */,
				D405446A1ED092F100C70B29 /* CLSelectTableViewCell.h */,
				D405446B1ED092F100C70B29 /* CLSelectTableViewCell.m */,
				D405446D1ED1C8A100C70B29 /* CLCommentTableCell.h */,
				D405446E1ED1C8A100C70B29 /* CLCommentTableCell.m */,
				188897DE1ED2844D00125AFF /* CLDynamicTableViewCell.h */,
				188897DF1ED2844D00125AFF /* CLDynamicTableViewCell.m */,
				184A76281ED3D748004A132B /* CLDynamicHeadView.h */,
				184A76291ED3D748004A132B /* CLDynamicHeadView.m */,
				184A762B1ED3E3EA004A132B /* CLChannelHeadView.h */,
				184A762C1ED3E3EA004A132B /* CLChannelHeadView.m */,
				D43AFFD41ED7290600A04C03 /* CLChannelTableViewCell.h */,
				D43AFFD51ED7290600A04C03 /* CLChannelTableViewCell.m */,
				18700AEE1ED82ED1004AC634 /* CLChannelImagesView.h */,
				18700AEF1ED82ED1004AC634 /* CLChannelImagesView.m */,
			);
			path = View;
			sourceTree = "<group>";
		};
		D42E260E1ECFEAFE002D3F7D /* ViewModel */ = {
			isa = PBXGroup;
			children = (
				D42E26181ECFF12E002D3F7D /* CLChildCommunityViewModel.h */,
				D42E26191ECFF12E002D3F7D /* CLChildCommunityViewModel.m */,
			);
			path = ViewModel;
			sourceTree = "<group>";
		};
/* End PBXGroup section */

/* Begin PBXNativeTarget section */
		D42E25661ECF1D67002D3F7D /* pet */ = {
			isa = PBXNativeTarget;
			buildConfigurationList = D42E25941ECF1D67002D3F7D /* Build configuration list for PBXNativeTarget "pet" */;
			buildPhases = (
				53A4E854EF4081230C17A3A8 /* 📦 Check Pods Manifest.lock */,
				D42E25631ECF1D67002D3F7D /* Sources */,
				D42E25641ECF1D67002D3F7D /* Frameworks */,
				D42E25651ECF1D67002D3F7D /* Resources */,
				A9005F6A6667886D2F3BB937 /* 📦 Embed Pods Frameworks */,
				7B47DB61A82C2302D98FBAC8 /* 📦 Copy Pods Resources */,
			);
			buildRules = (
			);
			dependencies = (
			);
			name = pet;
			productName = pet;
			productReference = D42E25671ECF1D67002D3F7D /* pet.app */;
			productType = "com.apple.product-type.application";
		};
		D42E257F1ECF1D67002D3F7D /* petTests */ = {
			isa = PBXNativeTarget;
			buildConfigurationList = D42E25971ECF1D67002D3F7D /* Build configuration list for PBXNativeTarget "petTests" */;
			buildPhases = (
				D42E257C1ECF1D67002D3F7D /* Sources */,
				D42E257D1ECF1D67002D3F7D /* Frameworks */,
				D42E257E1ECF1D67002D3F7D /* Resources */,
			);
			buildRules = (
			);
			dependencies = (
				D42E25821ECF1D67002D3F7D /* PBXTargetDependency */,
			);
			name = petTests;
			productName = petTests;
			productReference = D42E25801ECF1D67002D3F7D /* petTests.xctest */;
			productType = "com.apple.product-type.bundle.unit-test";
		};
		D42E258A1ECF1D67002D3F7D /* petUITests */ = {
			isa = PBXNativeTarget;
			buildConfigurationList = D42E259A1ECF1D67002D3F7D /* Build configuration list for PBXNativeTarget "petUITests" */;
			buildPhases = (
				D42E25871ECF1D67002D3F7D /* Sources */,
				D42E25881ECF1D67002D3F7D /* Frameworks */,
				D42E25891ECF1D67002D3F7D /* Resources */,
			);
			buildRules = (
			);
			dependencies = (
				D42E258D1ECF1D67002D3F7D /* PBXTargetDependency */,
			);
			name = petUITests;
			productName = petUITests;
			productReference = D42E258B1ECF1D67002D3F7D /* petUITests.xctest */;
			productType = "com.apple.product-type.bundle.ui-testing";
		};
/* End PBXNativeTarget section */

/* Begin PBXProject section */
		D42E255F1ECF1D67002D3F7D /* Project object */ = {
			isa = PBXProject;
			attributes = {
				LastUpgradeCheck = 0820;
				ORGANIZATIONNAME = chilim;
				TargetAttributes = {
					D42E25661ECF1D67002D3F7D = {
						CreatedOnToolsVersion = 8.2.1;
						ProvisioningStyle = Automatic;
					};
					D42E257F1ECF1D67002D3F7D = {
						CreatedOnToolsVersion = 8.2.1;
						ProvisioningStyle = Automatic;
						TestTargetID = D42E25661ECF1D67002D3F7D;
					};
					D42E258A1ECF1D67002D3F7D = {
						CreatedOnToolsVersion = 8.2.1;
						ProvisioningStyle = Automatic;
						TestTargetID = D42E25661ECF1D67002D3F7D;
					};
				};
			};
			buildConfigurationList = D42E25621ECF1D67002D3F7D /* Build configuration list for PBXProject "pet" */;
			compatibilityVersion = "Xcode 3.2";
			developmentRegion = English;
			hasScannedForEncodings = 0;
			knownRegions = (
				en,
				Base,
			);
			mainGroup = D42E255E1ECF1D67002D3F7D;
			productRefGroup = D42E25681ECF1D67002D3F7D /* Products */;
			projectDirPath = "";
			projectRoot = "";
			targets = (
				D42E25661ECF1D67002D3F7D /* pet */,
				D42E257F1ECF1D67002D3F7D /* petTests */,
				D42E258A1ECF1D67002D3F7D /* petUITests */,
			);
		};
/* End PBXProject section */

/* Begin PBXResourcesBuildPhase section */
		D42E25651ECF1D67002D3F7D /* Resources */ = {
			isa = PBXResourcesBuildPhase;
			buildActionMask = 2147483647;
			files = (
				D40544691ED0585900C70B29 /* 2B18C2D4941421681BD6B9FBCEC48C2D.jpg in Resources */,
				18700AE91ED8284A004AC634 /* B0CDB5DC5B73E8F92EF6A887E402C506.jpg in Resources */,
				18700AD91ED8281E004AC634 /* E91BB40B71793FFCC5783428F562E564.jpg in Resources */,
				183C55541ED6FD08002BF2B6 /* Rectangle 4@3x.png in Resources */,
				18700ADD1ED82829004AC634 /* 91467F5AD88F7DA0B5636164CCF23A06.jpg in Resources */,
				18700AED1ED82A2B004AC634 /* 32309AE9E06B00C1E40984FEF07C3C13.jpg in Resources */,
				18700AE31ED82839004AC634 /* 435086D44A0211F394F07558DF61C302.jpg in Resources */,
				183C554F1ED6FD08002BF2B6 /* Rectangle 4 Copy 2@2x.png in Resources */,
				D40544651ED0584C00C70B29 /* 4E35FA4B2D9C0636815C709FBD94DF5E.jpg in Resources */,
				18700AC91ED827EA004AC634 /* 5C7DBF7FE0C7816C4F2ADEF7E171A54E.jpg in Resources */,
				18700AD51ED82813004AC634 /* 6376BD7F91770FFE2EF9AAB3C32FBD9B.jpg in Resources */,
				18700AD71ED82819004AC634 /* E6211B634112B60F1AD9FEC391D1D96A.jpg in Resources */,
				18700AC51ED827D5004AC634 /* 0B3C1A13016F1E515EE9740DAFA886AE.jpg in Resources */,
				18700ADB1ED82823004AC634 /* 8AFFFC0723FC0D56726926B5E04C1385.jpg in Resources */,
				18700AE51ED8283F004AC634 /* 972B22C928AD2121E4559EC9D34A2977.jpg in Resources */,
				D40544631ED0584700C70B29 /* 45C272AAE3D9309128203B6D77C10BE2.jpg in Resources */,
				183C55511ED6FD08002BF2B6 /* Rectangle 4 Copy@2x.png in Resources */,
				183C55521ED6FD08002BF2B6 /* Rectangle 4 Copy@3x.png in Resources */,
				183C55531ED6FD08002BF2B6 /* Rectangle 4@2x.png in Resources */,
				18700ACD1ED827F9004AC634 /* E5DA662A3D3D4FA222092A0AD6933538.jpg in Resources */,
				D42E257A1ECF1D67002D3F7D /* LaunchScreen.storyboard in Resources */,
				D40544611ED0583E00C70B29 /* 402FD6493BFE31152566135415C9F22A.jpg in Resources */,
				D42E25771ECF1D67002D3F7D /* Assets.xcassets in Resources */,
				18700AEB1ED82850004AC634 /* 78A7C90463B435BCC07F06AC5B210D55.jpg in Resources */,
				18700AE71ED82844004AC634 /* 10529DB780736310C4FF9845869C56AE.jpg in Resources */,
				18700AC71ED827E4004AC634 /* 4B7E3D1CAF29FA1EB1C8822E3709BBAF.jpg in Resources */,
				18700AE11ED82834004AC634 /* BEEA1D51C3610CAFFE3D9FB86FF19D0C.jpg in Resources */,
				18700ACF1ED827FF004AC634 /* F2A70F9E9D4FBD499D932346A221D318.jpg in Resources */,
				183C55501ED6FD08002BF2B6 /* Rectangle 4 Copy 2@3x.png in Resources */,
				D42E25751ECF1D67002D3F7D /* Main.storyboard in Resources */,
				18700AD11ED82808004AC634 /* 89F01C3E1C3DC463F9B2073CDDCFDE31.jpg in Resources */,
				18700AD31ED8280D004AC634 /* A2B2A36A846BF4065FAF03DEBA993422.jpg in Resources */,
				18700ADF1ED8282E004AC634 /* 70C97AE030710503B15AA9694993F4DF.jpg in Resources */,
				D40544671ED0585300C70B29 /* 5345651BD274DFFB326F6C016FAAF45F.jpg in Resources */,
				18700ACB1ED827F1004AC634 /* DA29B5D0C19AC558D7FDC5076E474BD8.jpg in Resources */,
			);
			runOnlyForDeploymentPostprocessing = 0;
		};
		D42E257E1ECF1D67002D3F7D /* Resources */ = {
			isa = PBXResourcesBuildPhase;
			buildActionMask = 2147483647;
			files = (
			);
			runOnlyForDeploymentPostprocessing = 0;
		};
		D42E25891ECF1D67002D3F7D /* Resources */ = {
			isa = PBXResourcesBuildPhase;
			buildActionMask = 2147483647;
			files = (
			);
			runOnlyForDeploymentPostprocessing = 0;
		};
/* End PBXResourcesBuildPhase section */

/* Begin PBXShellScriptBuildPhase section */
		53A4E854EF4081230C17A3A8 /* 📦 Check Pods Manifest.lock */ = {
			isa = PBXShellScriptBuildPhase;
			buildActionMask = 2147483647;
			files = (
			);
			inputPaths = (
			);
			name = "📦 Check Pods Manifest.lock";
			outputPaths = (
			);
			runOnlyForDeploymentPostprocessing = 0;
			shellPath = /bin/sh;
			shellScript = "diff \"${PODS_ROOT}/../Podfile.lock\" \"${PODS_ROOT}/Manifest.lock\" > /dev/null\nif [[ $? != 0 ]] ; then\n    cat << EOM\nerror: The sandbox is not in sync with the Podfile.lock. Run 'pod install' or update your CocoaPods installation.\nEOM\n    exit 1\nfi\n";
			showEnvVarsInLog = 0;
		};
		7B47DB61A82C2302D98FBAC8 /* 📦 Copy Pods Resources */ = {
			isa = PBXShellScriptBuildPhase;
			buildActionMask = 2147483647;
			files = (
			);
			inputPaths = (
			);
			name = "📦 Copy Pods Resources";
			outputPaths = (
			);
			runOnlyForDeploymentPostprocessing = 0;
			shellPath = /bin/sh;
			shellScript = "\"${SRCROOT}/Pods/Target Support Files/Pods-pet/Pods-pet-resources.sh\"\n";
			showEnvVarsInLog = 0;
		};
		A9005F6A6667886D2F3BB937 /* 📦 Embed Pods Frameworks */ = {
			isa = PBXShellScriptBuildPhase;
			buildActionMask = 2147483647;
			files = (
			);
			inputPaths = (
			);
			name = "📦 Embed Pods Frameworks";
			outputPaths = (
			);
			runOnlyForDeploymentPostprocessing = 0;
			shellPath = /bin/sh;
			shellScript = "\"${SRCROOT}/Pods/Target Support Files/Pods-pet/Pods-pet-frameworks.sh\"\n";
			showEnvVarsInLog = 0;
		};
/* End PBXShellScriptBuildPhase section */

/* Begin PBXSourcesBuildPhase section */
		D42E25631ECF1D67002D3F7D /* Sources */ = {
			isa = PBXSourcesBuildPhase;
			buildActionMask = 2147483647;
			files = (
				183C55371ED6AE0F002BF2B6 /* CLMenuItem.m in Sources */,
				D42E25E61ECF38B9002D3F7D /* UIViewController+BackButtonHandle.m in Sources */,
				184A764B1ED43BF3004A132B /* CLMineDailyManagerCell.m in Sources */,
				D42E25E91ECF38CF002D3F7D /* UIImage+Extension.m in Sources */,
				D42E25F31ECFD11D002D3F7D /* CAPSPageMenu.m in Sources */,
				184A76481ED43BE1004A132B /* CLMinePersonCenterCell.m in Sources */,
				D405445C1ED0360D00C70B29 /* CLIntroductionVC.m in Sources */,
				184A764E1ED43C02004A132B /* CLMineShopingCell.m in Sources */,
				D405446C1ED092F100C70B29 /* CLSelectTableViewCell.m in Sources */,
				D42E25D11ECF2C39002D3F7D /* CLDoctorVC.m in Sources */,
				183C55421ED6E3B6002BF2B6 /* CLServiceChildVC.m in Sources */,
				183C55451ED6E419002BF2B6 /* CLServiceChildCell.m in Sources */,
				D43AFFD61ED7290600A04C03 /* CLChannelTableViewCell.m in Sources */,
				D42E25EF1ECF3A3D002D3F7D /* CLShareObject.m in Sources */,
				D42E26141ECFED71002D3F7D /* CLCommunityViewModel.m in Sources */,
				D42E25E51ECF38B9002D3F7D /* UIImageView+Avatar.m in Sources */,
				D40544551ED0254400C70B29 /* CLSelectSectionView.m in Sources */,
				184A76511ED43C11004A132B /* CLMineOtherCell.m in Sources */,
				D42E25EC1ECF3932002D3F7D /* CLUser.m in Sources */,
				D42E25DF1ECF31C9002D3F7D /* NSString+CLStringTools.m in Sources */,
				D42E256F1ECF1D67002D3F7D /* AppDelegate.m in Sources */,
				184A762D1ED3E3EA004A132B /* CLChannelHeadView.m in Sources */,
				D42E25A91ECF26AF002D3F7D /* CLSystemSet.m in Sources */,
				D42E25D41ECF2C48002D3F7D /* CLMallVC.m in Sources */,
				D42E261D1ECFF144002D3F7D /* CLCommunityModel.m in Sources */,
				188897E01ED2844D00125AFF /* CLDynamicTableViewCell.m in Sources */,
				184A762A1ED3D748004A132B /* CLDynamicHeadView.m in Sources */,
				D42E25DA1ECF2C69002D3F7D /* CLServiceVC.m in Sources */,
				D42E26171ECFEE66002D3F7D /* CLSelectHeadView.m in Sources */,
				18700AF01ED82ED1004AC634 /* CLChannelImagesView.m in Sources */,
				183C55571ED70281002BF2B6 /* CLServiceModel.m in Sources */,
				D42E256C1ECF1D67002D3F7D /* main.m in Sources */,
				184A76541ED44456004A132B /* CLMineSectionView.m in Sources */,
				D42E25CE1ECF2C28002D3F7D /* CLCommunityVC.m in Sources */,
				D42E261A1ECFF12E002D3F7D /* CLChildCommunityViewModel.m in Sources */,
				D405446F1ED1C8A100C70B29 /* CLCommentTableCell.m in Sources */,
				184A763C1ED43744004A132B /* CLMineVC.m in Sources */,
				D42E25F61ECFD126002D3F7D /* CLPageVC.m in Sources */,
				183C55481ED6FA0C002BF2B6 /* CLServiceViewModel.m in Sources */,
				D42E25E01ECF31C9002D3F7D /* UIViewController+Extention.m in Sources */,
				D405445F1ED0368D00C70B29 /* CLIntroductionBaseVC.m in Sources */,
				D42E26111ECFEB11002D3F7D /* CLChildCommunityVC.m in Sources */,
				D42E25B21ECF2AF9002D3F7D /* CLTabVC.m in Sources */,
			);
			runOnlyForDeploymentPostprocessing = 0;
		};
		D42E257C1ECF1D67002D3F7D /* Sources */ = {
			isa = PBXSourcesBuildPhase;
			buildActionMask = 2147483647;
			files = (
				D42E25851ECF1D67002D3F7D /* petTests.m in Sources */,
			);
			runOnlyForDeploymentPostprocessing = 0;
		};
		D42E25871ECF1D67002D3F7D /* Sources */ = {
			isa = PBXSourcesBuildPhase;
			buildActionMask = 2147483647;
			files = (
				D42E25901ECF1D67002D3F7D /* petUITests.m in Sources */,
			);
			runOnlyForDeploymentPostprocessing = 0;
		};
/* End PBXSourcesBuildPhase section */

/* Begin PBXTargetDependency section */
		D42E25821ECF1D67002D3F7D /* PBXTargetDependency */ = {
			isa = PBXTargetDependency;
			target = D42E25661ECF1D67002D3F7D /* pet */;
			targetProxy = D42E25811ECF1D67002D3F7D /* PBXContainerItemProxy */;
		};
		D42E258D1ECF1D67002D3F7D /* PBXTargetDependency */ = {
			isa = PBXTargetDependency;
			target = D42E25661ECF1D67002D3F7D /* pet */;
			targetProxy = D42E258C1ECF1D67002D3F7D /* PBXContainerItemProxy */;
		};
/* End PBXTargetDependency section */

/* Begin PBXVariantGroup section */
		D42E25731ECF1D67002D3F7D /* Main.storyboard */ = {
			isa = PBXVariantGroup;
			children = (
				D42E25741ECF1D67002D3F7D /* Base */,
			);
			name = Main.storyboard;
			sourceTree = "<group>";
		};
		D42E25781ECF1D67002D3F7D /* LaunchScreen.storyboard */ = {
			isa = PBXVariantGroup;
			children = (
				D42E25791ECF1D67002D3F7D /* Base */,
			);
			name = LaunchScreen.storyboard;
			sourceTree = "<group>";
		};
/* End PBXVariantGroup section */

/* Begin XCBuildConfiguration section */
		D42E25921ECF1D67002D3F7D /* Debug */ = {
			isa = XCBuildConfiguration;
			buildSettings = {
				ALWAYS_SEARCH_USER_PATHS = NO;
				CLANG_ANALYZER_NONNULL = YES;
				CLANG_CXX_LANGUAGE_STANDARD = "gnu++0x";
				CLANG_CXX_LIBRARY = "libc++";
				CLANG_ENABLE_MODULES = YES;
				CLANG_ENABLE_OBJC_ARC = YES;
				CLANG_WARN_BOOL_CONVERSION = YES;
				CLANG_WARN_CONSTANT_CONVERSION = YES;
				CLANG_WARN_DIRECT_OBJC_ISA_USAGE = YES_ERROR;
				CLANG_WARN_DOCUMENTATION_COMMENTS = YES;
				CLANG_WARN_EMPTY_BODY = YES;
				CLANG_WARN_ENUM_CONVERSION = YES;
				CLANG_WARN_INFINITE_RECURSION = YES;
				CLANG_WARN_INT_CONVERSION = YES;
				CLANG_WARN_OBJC_ROOT_CLASS = YES_ERROR;
				CLANG_WARN_SUSPICIOUS_MOVE = YES;
				CLANG_WARN_UNREACHABLE_CODE = YES;
				CLANG_WARN__DUPLICATE_METHOD_MATCH = YES;
				"CODE_SIGN_IDENTITY[sdk=iphoneos*]" = "iPhone Developer";
				COPY_PHASE_STRIP = NO;
				DEBUG_INFORMATION_FORMAT = dwarf;
				ENABLE_STRICT_OBJC_MSGSEND = YES;
				ENABLE_TESTABILITY = YES;
				GCC_C_LANGUAGE_STANDARD = gnu99;
				GCC_DYNAMIC_NO_PIC = NO;
				GCC_NO_COMMON_BLOCKS = YES;
				GCC_OPTIMIZATION_LEVEL = 0;
				GCC_PREPROCESSOR_DEFINITIONS = (
					"DEBUG=1",
					"$(inherited)",
				);
				GCC_WARN_64_TO_32_BIT_CONVERSION = YES;
				GCC_WARN_ABOUT_RETURN_TYPE = YES_ERROR;
				GCC_WARN_UNDECLARED_SELECTOR = YES;
				GCC_WARN_UNINITIALIZED_AUTOS = YES_AGGRESSIVE;
				GCC_WARN_UNUSED_FUNCTION = YES;
				GCC_WARN_UNUSED_VARIABLE = YES;
				IPHONEOS_DEPLOYMENT_TARGET = 10.2;
				MTL_ENABLE_DEBUG_INFO = YES;
				ONLY_ACTIVE_ARCH = YES;
				SDKROOT = iphoneos;
			};
			name = Debug;
		};
		D42E25931ECF1D67002D3F7D /* Release */ = {
			isa = XCBuildConfiguration;
			buildSettings = {
				ALWAYS_SEARCH_USER_PATHS = NO;
				CLANG_ANALYZER_NONNULL = YES;
				CLANG_CXX_LANGUAGE_STANDARD = "gnu++0x";
				CLANG_CXX_LIBRARY = "libc++";
				CLANG_ENABLE_MODULES = YES;
				CLANG_ENABLE_OBJC_ARC = YES;
				CLANG_WARN_BOOL_CONVERSION = YES;
				CLANG_WARN_CONSTANT_CONVERSION = YES;
				CLANG_WARN_DIRECT_OBJC_ISA_USAGE = YES_ERROR;
				CLANG_WARN_DOCUMENTATION_COMMENTS = YES;
				CLANG_WARN_EMPTY_BODY = YES;
				CLANG_WARN_ENUM_CONVERSION = YES;
				CLANG_WARN_INFINITE_RECURSION = YES;
				CLANG_WARN_INT_CONVERSION = YES;
				CLANG_WARN_OBJC_ROOT_CLASS = YES_ERROR;
				CLANG_WARN_SUSPICIOUS_MOVE = YES;
				CLANG_WARN_UNREACHABLE_CODE = YES;
				CLANG_WARN__DUPLICATE_METHOD_MATCH = YES;
				"CODE_SIGN_IDENTITY[sdk=iphoneos*]" = "iPhone Developer";
				COPY_PHASE_STRIP = NO;
				DEBUG_INFORMATION_FORMAT = "dwarf-with-dsym";
				ENABLE_NS_ASSERTIONS = NO;
				ENABLE_STRICT_OBJC_MSGSEND = YES;
				GCC_C_LANGUAGE_STANDARD = gnu99;
				GCC_NO_COMMON_BLOCKS = YES;
				GCC_WARN_64_TO_32_BIT_CONVERSION = YES;
				GCC_WARN_ABOUT_RETURN_TYPE = YES_ERROR;
				GCC_WARN_UNDECLARED_SELECTOR = YES;
				GCC_WARN_UNINITIALIZED_AUTOS = YES_AGGRESSIVE;
				GCC_WARN_UNUSED_FUNCTION = YES;
				GCC_WARN_UNUSED_VARIABLE = YES;
				IPHONEOS_DEPLOYMENT_TARGET = 10.2;
				MTL_ENABLE_DEBUG_INFO = NO;
				SDKROOT = iphoneos;
				VALIDATE_PRODUCT = YES;
			};
			name = Release;
		};
		D42E25951ECF1D67002D3F7D /* Debug */ = {
			isa = XCBuildConfiguration;
			baseConfigurationReference = 3336EBFE8980394B461A17D1 /* Pods-pet.debug.xcconfig */;
			buildSettings = {
				ASSETCATALOG_COMPILER_APPICON_NAME = AppIcon;
				ENABLE_BITCODE = NO;
				GCC_PRECOMPILE_PREFIX_HEADER = YES;
				GCC_PREFIX_HEADER = $SRCROOT/pet/Other/PetPrefixHeader.pch;
				INFOPLIST_FILE = pet/Info.plist;
				LD_RUNPATH_SEARCH_PATHS = "$(inherited) @executable_path/Frameworks";
				PRODUCT_BUNDLE_IDENTIFIER = chilim.pet;
				PRODUCT_NAME = "$(TARGET_NAME)";
			};
			name = Debug;
		};
		D42E25961ECF1D67002D3F7D /* Release */ = {
			isa = XCBuildConfiguration;
			baseConfigurationReference = 68CEA7EB5927C86A17DCDF02 /* Pods-pet.release.xcconfig */;
			buildSettings = {
				ASSETCATALOG_COMPILER_APPICON_NAME = AppIcon;
				ENABLE_BITCODE = NO;
				GCC_PRECOMPILE_PREFIX_HEADER = YES;
				GCC_PREFIX_HEADER = $SRCROOT/pet/Other/PetPrefixHeader.pch;
				INFOPLIST_FILE = pet/Info.plist;
				LD_RUNPATH_SEARCH_PATHS = "$(inherited) @executable_path/Frameworks";
				PRODUCT_BUNDLE_IDENTIFIER = chilim.pet;
				PRODUCT_NAME = "$(TARGET_NAME)";
			};
			name = Release;
		};
		D42E25981ECF1D67002D3F7D /* Debug */ = {
			isa = XCBuildConfiguration;
			buildSettings = {
				BUNDLE_LOADER = "$(TEST_HOST)";
				INFOPLIST_FILE = petTests/Info.plist;
				LD_RUNPATH_SEARCH_PATHS = "$(inherited) @executable_path/Frameworks @loader_path/Frameworks";
				PRODUCT_BUNDLE_IDENTIFIER = chilim.petTests;
				PRODUCT_NAME = "$(TARGET_NAME)";
				TEST_HOST = "$(BUILT_PRODUCTS_DIR)/pet.app/pet";
			};
			name = Debug;
		};
		D42E25991ECF1D67002D3F7D /* Release */ = {
			isa = XCBuildConfiguration;
			buildSettings = {
				BUNDLE_LOADER = "$(TEST_HOST)";
				INFOPLIST_FILE = petTests/Info.plist;
				LD_RUNPATH_SEARCH_PATHS = "$(inherited) @executable_path/Frameworks @loader_path/Frameworks";
				PRODUCT_BUNDLE_IDENTIFIER = chilim.petTests;
				PRODUCT_NAME = "$(TARGET_NAME)";
				TEST_HOST = "$(BUILT_PRODUCTS_DIR)/pet.app/pet";
			};
			name = Release;
		};
		D42E259B1ECF1D67002D3F7D /* Debug */ = {
			isa = XCBuildConfiguration;
			buildSettings = {
				INFOPLIST_FILE = petUITests/Info.plist;
				LD_RUNPATH_SEARCH_PATHS = "$(inherited) @executable_path/Frameworks @loader_path/Frameworks";
				PRODUCT_BUNDLE_IDENTIFIER = chilim.petUITests;
				PRODUCT_NAME = "$(TARGET_NAME)";
				TEST_TARGET_NAME = pet;
			};
			name = Debug;
		};
		D42E259C1ECF1D67002D3F7D /* Release */ = {
			isa = XCBuildConfiguration;
			buildSettings = {
				INFOPLIST_FILE = petUITests/Info.plist;
				LD_RUNPATH_SEARCH_PATHS = "$(inherited) @executable_path/Frameworks @loader_path/Frameworks";
				PRODUCT_BUNDLE_IDENTIFIER = chilim.petUITests;
				PRODUCT_NAME = "$(TARGET_NAME)";
				TEST_TARGET_NAME = pet;
			};
			name = Release;
		};
/* End XCBuildConfiguration section */

/* Begin XCConfigurationList section */
		D42E25621ECF1D67002D3F7D /* Build configuration list for PBXProject "pet" */ = {
			isa = XCConfigurationList;
			buildConfigurations = (
				D42E25921ECF1D67002D3F7D /* Debug */,
				D42E25931ECF1D67002D3F7D /* Release */,
			);
			defaultConfigurationIsVisible = 0;
			defaultConfigurationName = Release;
		};
		D42E25941ECF1D67002D3F7D /* Build configuration list for PBXNativeTarget "pet" */ = {
			isa = XCConfigurationList;
			buildConfigurations = (
				D42E25951ECF1D67002D3F7D /* Debug */,
				D42E25961ECF1D67002D3F7D /* Release */,
			);
			defaultConfigurationIsVisible = 0;
			defaultConfigurationName = Release;
		};
		D42E25971ECF1D67002D3F7D /* Build configuration list for PBXNativeTarget "petTests" */ = {
			isa = XCConfigurationList;
			buildConfigurations = (
				D42E25981ECF1D67002D3F7D /* Debug */,
				D42E25991ECF1D67002D3F7D /* Release */,
			);
			defaultConfigurationIsVisible = 0;
			defaultConfigurationName = Release;
		};
		D42E259A1ECF1D67002D3F7D /* Build configuration list for PBXNativeTarget "petUITests" */ = {
			isa = XCConfigurationList;
			buildConfigurations = (
				D42E259B1ECF1D67002D3F7D /* Debug */,
				D42E259C1ECF1D67002D3F7D /* Release */,
			);
			defaultConfigurationIsVisible = 0;
			defaultConfigurationName = Release;
		};
/* End XCConfigurationList section */
	};
	rootObject = D42E255F1ECF1D67002D3F7D /* Project object */;
}
